// !$*UTF8*$!
{
	archiveVersion = 1;
	classes = {
	};
	objectVersion = 46;
	objects = {

/* Begin PBXBuildFile section */
		OBJ_32 /* numsw.framework in Frameworks */ = {isa = PBXBuildFile; fileRef = OBJ_16 /* numsw.framework */; };
/* End PBXBuildFile section */

/* Begin PBXContainerItemProxy section */
		1453FBC61E6A5D4800633F32 /* PBXContainerItemProxy */ = {
			isa = PBXContainerItemProxy;
			containerPortal = OBJ_1 /* Project object */;
			proxyType = 1;
			remoteGlobalIDString = OBJ_18;
			remoteInfo = numsw;
		};
/* End PBXContainerItemProxy section */

/* Begin PBXFileReference section */
		A79636771E740DE500E1022B /* Matrix.swift */ = {isa = PBXFileReference; lastKnownFileType = sourcecode.swift; path = Matrix.swift; sourceTree = "<group>"; };
		A79636781E740DE500E1022B /* MatrixAddition.swift */ = {isa = PBXFileReference; lastKnownFileType = sourcecode.swift; path = MatrixAddition.swift; sourceTree = "<group>"; };
		A79636791E740DE500E1022B /* MatrixDivide.swift */ = {isa = PBXFileReference; lastKnownFileType = sourcecode.swift; path = MatrixDivide.swift; sourceTree = "<group>"; };
		A796367A1E740DE500E1022B /* MatrixInvert.swift */ = {isa = PBXFileReference; lastKnownFileType = sourcecode.swift; path = MatrixInvert.swift; sourceTree = "<group>"; };
		A796367B1E740DE500E1022B /* MatrixLogarithm.swift */ = {isa = PBXFileReference; lastKnownFileType = sourcecode.swift; path = MatrixLogarithm.swift; sourceTree = "<group>"; };
		A796367C1E740DE500E1022B /* MatrixMultiply.swift */ = {isa = PBXFileReference; lastKnownFileType = sourcecode.swift; path = MatrixMultiply.swift; sourceTree = "<group>"; };
		A796367D1E740DE500E1022B /* MatrixNorm.swift */ = {isa = PBXFileReference; lastKnownFileType = sourcecode.swift; path = MatrixNorm.swift; sourceTree = "<group>"; };
		A796367E1E740DE500E1022B /* MatrixRandom.swift */ = {isa = PBXFileReference; lastKnownFileType = sourcecode.swift; path = MatrixRandom.swift; sourceTree = "<group>"; };
		A796367F1E740DE500E1022B /* MatrixRange.swift */ = {isa = PBXFileReference; lastKnownFileType = sourcecode.swift; path = MatrixRange.swift; sourceTree = "<group>"; };
		A79636801E740DE500E1022B /* MatrixSubscript.swift */ = {isa = PBXFileReference; lastKnownFileType = sourcecode.swift; path = MatrixSubscript.swift; sourceTree = "<group>"; };
		A79636811E740DE500E1022B /* MatrixTranspose.swift */ = {isa = PBXFileReference; lastKnownFileType = sourcecode.swift; path = MatrixTranspose.swift; sourceTree = "<group>"; };
		A79636821E740DE500E1022B /* MatrixTrigonometric.swift */ = {isa = PBXFileReference; lastKnownFileType = sourcecode.swift; path = MatrixTrigonometric.swift; sourceTree = "<group>"; };
		A79636841E740DE500E1022B /* NDArray.swift */ = {isa = PBXFileReference; lastKnownFileType = sourcecode.swift; path = NDArray.swift; sourceTree = "<group>"; };
		A79636851E740DE500E1022B /* NDArrayArithmetic.swift */ = {isa = PBXFileReference; lastKnownFileType = sourcecode.swift; path = NDArrayArithmetic.swift; sourceTree = "<group>"; };
		A79636861E740DE500E1022B /* NDArrayArithmeticAccelerate.swift */ = {isa = PBXFileReference; lastKnownFileType = sourcecode.swift; path = NDArrayArithmeticAccelerate.swift; sourceTree = "<group>"; };
		A79636871E740DE500E1022B /* NDArrayBool.swift */ = {isa = PBXFileReference; lastKnownFileType = sourcecode.swift; path = NDArrayBool.swift; sourceTree = "<group>"; };
		A79636881E740DE500E1022B /* NDArrayCompoundAssignment.swift */ = {isa = PBXFileReference; lastKnownFileType = sourcecode.swift; path = NDArrayCompoundAssignment.swift; sourceTree = "<group>"; };
		A79636891E740DE500E1022B /* NDArrayCreation.swift */ = {isa = PBXFileReference; lastKnownFileType = sourcecode.swift; path = NDArrayCreation.swift; sourceTree = "<group>"; };
		A796368A1E740DE500E1022B /* NDArrayFloatingPointFunctions.swift */ = {isa = PBXFileReference; lastKnownFileType = sourcecode.swift; path = NDArrayFloatingPointFunctions.swift; sourceTree = "<group>"; };
		A796368B1E740DE500E1022B /* NDArrayRandom.swift */ = {isa = PBXFileReference; lastKnownFileType = sourcecode.swift; path = NDArrayRandom.swift; sourceTree = "<group>"; };
		A796368C1E740DE500E1022B /* NDArrayReduce.swift */ = {isa = PBXFileReference; lastKnownFileType = sourcecode.swift; path = NDArrayReduce.swift; sourceTree = "<group>"; };
		A796368D1E740DE500E1022B /* NDArrayStack.swift */ = {isa = PBXFileReference; lastKnownFileType = sourcecode.swift; path = NDArrayStack.swift; sourceTree = "<group>"; };
		A796368E1E740DE500E1022B /* NDArraySubscript.swift */ = {isa = PBXFileReference; lastKnownFileType = sourcecode.swift; path = NDArraySubscript.swift; sourceTree = "<group>"; };
		A796368F1E740DE500E1022B /* NDArrayTransformation.swift */ = {isa = PBXFileReference; lastKnownFileType = sourcecode.swift; path = NDArrayTransformation.swift; sourceTree = "<group>"; };
		A79636901E740DE500E1022B /* NDArrayUtils.swift */ = {isa = PBXFileReference; lastKnownFileType = sourcecode.swift; path = NDArrayUtils.swift; sourceTree = "<group>"; };
		A79636931E740DF400E1022B /* MatrixAdditionTests.swift */ = {isa = PBXFileReference; lastKnownFileType = sourcecode.swift; path = MatrixAdditionTests.swift; sourceTree = "<group>"; };
		A79636941E740DF400E1022B /* MatrixBasicTests.swift */ = {isa = PBXFileReference; lastKnownFileType = sourcecode.swift; path = MatrixBasicTests.swift; sourceTree = "<group>"; };
		A79636951E740DF400E1022B /* MatrixDivideTests.swift */ = {isa = PBXFileReference; lastKnownFileType = sourcecode.swift; path = MatrixDivideTests.swift; sourceTree = "<group>"; };
		A79636961E740DF400E1022B /* MatrixInvertTests.swift */ = {isa = PBXFileReference; lastKnownFileType = sourcecode.swift; path = MatrixInvertTests.swift; sourceTree = "<group>"; };
		A79636971E740DF400E1022B /* MatrixLogarithmTests.swift */ = {isa = PBXFileReference; lastKnownFileType = sourcecode.swift; path = MatrixLogarithmTests.swift; sourceTree = "<group>"; };
		A79636981E740DF400E1022B /* MatrixMultiplyTests.swift */ = {isa = PBXFileReference; lastKnownFileType = sourcecode.swift; path = MatrixMultiplyTests.swift; sourceTree = "<group>"; };
		A79636991E740DF400E1022B /* MatrixRangeTests.swift */ = {isa = PBXFileReference; lastKnownFileType = sourcecode.swift; path = MatrixRangeTests.swift; sourceTree = "<group>"; };
		A796369A1E740DF400E1022B /* MatrixSubscriptTests.swift */ = {isa = PBXFileReference; lastKnownFileType = sourcecode.swift; path = MatrixSubscriptTests.swift; sourceTree = "<group>"; };
		A796369B1E740DF400E1022B /* MatrixTransposeTests.swift */ = {isa = PBXFileReference; lastKnownFileType = sourcecode.swift; path = MatrixTransposeTests.swift; sourceTree = "<group>"; };
		A796369C1E740DF400E1022B /* MatrixTrigonometricTests.swift */ = {isa = PBXFileReference; lastKnownFileType = sourcecode.swift; path = MatrixTrigonometricTests.swift; sourceTree = "<group>"; };
		A796369E1E740DF400E1022B /* NDArrayArithmeticTests.swift */ = {isa = PBXFileReference; lastKnownFileType = sourcecode.swift; path = NDArrayArithmeticTests.swift; sourceTree = "<group>"; };
		A796369F1E740DF400E1022B /* NDArrayBoolTests.swift */ = {isa = PBXFileReference; lastKnownFileType = sourcecode.swift; path = NDArrayBoolTests.swift; sourceTree = "<group>"; };
		A79636A01E740DF400E1022B /* NDArrayCompoundAssignmentTests.swift */ = {isa = PBXFileReference; lastKnownFileType = sourcecode.swift; path = NDArrayCompoundAssignmentTests.swift; sourceTree = "<group>"; };
		A79636A11E740DF400E1022B /* NDArrayCreationTests.swift */ = {isa = PBXFileReference; lastKnownFileType = sourcecode.swift; path = NDArrayCreationTests.swift; sourceTree = "<group>"; };
		A79636A21E740DF400E1022B /* NDArrayFloatingPointFunctionsTests.swift */ = {isa = PBXFileReference; lastKnownFileType = sourcecode.swift; path = NDArrayFloatingPointFunctionsTests.swift; sourceTree = "<group>"; };
		A79636A31E740DF400E1022B /* NDArrayPerformanceTests.swift */ = {isa = PBXFileReference; lastKnownFileType = sourcecode.swift; path = NDArrayPerformanceTests.swift; sourceTree = "<group>"; };
		A79636A41E740DF400E1022B /* NDArrayRandomTests.swift */ = {isa = PBXFileReference; lastKnownFileType = sourcecode.swift; path = NDArrayRandomTests.swift; sourceTree = "<group>"; };
		A79636A51E740DF400E1022B /* NDArrayReduceTests.swift */ = {isa = PBXFileReference; lastKnownFileType = sourcecode.swift; path = NDArrayReduceTests.swift; sourceTree = "<group>"; };
		A79636A61E740DF400E1022B /* NDArrayStackTests.swift */ = {isa = PBXFileReference; lastKnownFileType = sourcecode.swift; path = NDArrayStackTests.swift; sourceTree = "<group>"; };
		A79636A71E740DF400E1022B /* NDArraySubscriptTests.swift */ = {isa = PBXFileReference; lastKnownFileType = sourcecode.swift; path = NDArraySubscriptTests.swift; sourceTree = "<group>"; };
		A79636A81E740DF400E1022B /* NDArrayTests.swift */ = {isa = PBXFileReference; lastKnownFileType = sourcecode.swift; path = NDArrayTests.swift; sourceTree = "<group>"; };
		A79636A91E740DF400E1022B /* NDArrayTransformationTests.swift */ = {isa = PBXFileReference; lastKnownFileType = sourcecode.swift; path = NDArrayTransformationTests.swift; sourceTree = "<group>"; };
		A79636AA1E740DF400E1022B /* NDArrayXCTest.swift */ = {isa = PBXFileReference; lastKnownFileType = sourcecode.swift; path = NDArrayXCTest.swift; sourceTree = "<group>"; };
		A79636AB1E740DF400E1022B /* numswTests.swift */ = {isa = PBXFileReference; lastKnownFileType = sourcecode.swift; path = numswTests.swift; sourceTree = "<group>"; };
		OBJ_13 /* playgrounds */ = {isa = PBXFileReference; lastKnownFileType = folder; path = playgrounds; sourceTree = SOURCE_ROOT; };
		OBJ_16 /* numsw.framework */ = {isa = PBXFileReference; explicitFileType = wrapper.framework; path = numsw.framework; sourceTree = BUILT_PRODUCTS_DIR; };
		OBJ_17 /* numswTests.xctest */ = {isa = PBXFileReference; explicitFileType = wrapper.cfbundle; path = numswTests.xctest; sourceTree = BUILT_PRODUCTS_DIR; };
		OBJ_6 /* Package.swift */ = {isa = PBXFileReference; explicitFileType = sourcecode.swift; path = Package.swift; sourceTree = "<group>"; };
/* End PBXFileReference section */

/* Begin PBXFrameworksBuildPhase section */
		OBJ_24 /* Frameworks */ = {
			isa = PBXFrameworksBuildPhase;
			buildActionMask = 0;
			files = (
			);
			runOnlyForDeploymentPostprocessing = 0;
		};
		OBJ_31 /* Frameworks */ = {
			isa = PBXFrameworksBuildPhase;
			buildActionMask = 0;
			files = (
				OBJ_32 /* numsw.framework in Frameworks */,
			);
			runOnlyForDeploymentPostprocessing = 0;
		};
/* End PBXFrameworksBuildPhase section */

/* Begin PBXGroup section */
		A79636751E740DE500E1022B /* numsw */ = {
			isa = PBXGroup;
			children = (
				A79636761E740DE500E1022B /* Matrix */,
				A79636831E740DE500E1022B /* NDArray */,
			);
			path = numsw;
			sourceTree = "<group>";
		};
		A79636761E740DE500E1022B /* Matrix */ = {
			isa = PBXGroup;
			children = (
				A79636771E740DE500E1022B /* Matrix.swift */,
				A79636781E740DE500E1022B /* MatrixAddition.swift */,
				A79636791E740DE500E1022B /* MatrixDivide.swift */,
				A796367A1E740DE500E1022B /* MatrixInvert.swift */,
				A796367B1E740DE500E1022B /* MatrixLogarithm.swift */,
				A796367C1E740DE500E1022B /* MatrixMultiply.swift */,
				A796367D1E740DE500E1022B /* MatrixNorm.swift */,
				A796367E1E740DE500E1022B /* MatrixRandom.swift */,
				A796367F1E740DE500E1022B /* MatrixRange.swift */,
				A79636801E740DE500E1022B /* MatrixSubscript.swift */,
				A79636811E740DE500E1022B /* MatrixTranspose.swift */,
				A79636821E740DE500E1022B /* MatrixTrigonometric.swift */,
			);
			path = Matrix;
			sourceTree = "<group>";
		};
		A79636831E740DE500E1022B /* NDArray */ = {
			isa = PBXGroup;
			children = (
				A79636841E740DE500E1022B /* NDArray.swift */,
				A79636851E740DE500E1022B /* NDArrayArithmetic.swift */,
				A79636861E740DE500E1022B /* NDArrayArithmeticAccelerate.swift */,
				A79636871E740DE500E1022B /* NDArrayBool.swift */,
				A79636881E740DE500E1022B /* NDArrayCompoundAssignment.swift */,
				A79636891E740DE500E1022B /* NDArrayCreation.swift */,
				A796368A1E740DE500E1022B /* NDArrayFloatingPointFunctions.swift */,
				A796368B1E740DE500E1022B /* NDArrayRandom.swift */,
				A796368C1E740DE500E1022B /* NDArrayReduce.swift */,
				A796368D1E740DE500E1022B /* NDArrayStack.swift */,
				A796368E1E740DE500E1022B /* NDArraySubscript.swift */,
				A796368F1E740DE500E1022B /* NDArrayTransformation.swift */,
				A79636901E740DE500E1022B /* NDArrayUtils.swift */,
			);
			path = NDArray;
			sourceTree = "<group>";
		};
		A79636911E740DF400E1022B /* numswTests */ = {
			isa = PBXGroup;
			children = (
				A79636921E740DF400E1022B /* MatrixTests */,
				A796369D1E740DF400E1022B /* NDArrayTests */,
				A79636AB1E740DF400E1022B /* numswTests.swift */,
			);
			path = numswTests;
			sourceTree = "<group>";
		};
		A79636921E740DF400E1022B /* MatrixTests */ = {
			isa = PBXGroup;
			children = (
				A79636931E740DF400E1022B /* MatrixAdditionTests.swift */,
				A79636941E740DF400E1022B /* MatrixBasicTests.swift */,
				A79636951E740DF400E1022B /* MatrixDivideTests.swift */,
				A79636961E740DF400E1022B /* MatrixInvertTests.swift */,
				A79636971E740DF400E1022B /* MatrixLogarithmTests.swift */,
				A79636981E740DF400E1022B /* MatrixMultiplyTests.swift */,
				A79636991E740DF400E1022B /* MatrixRangeTests.swift */,
				A796369A1E740DF400E1022B /* MatrixSubscriptTests.swift */,
				A796369B1E740DF400E1022B /* MatrixTransposeTests.swift */,
				A796369C1E740DF400E1022B /* MatrixTrigonometricTests.swift */,
			);
			path = MatrixTests;
			sourceTree = "<group>";
		};
		A796369D1E740DF400E1022B /* NDArrayTests */ = {
			isa = PBXGroup;
			children = (
				A796369E1E740DF400E1022B /* NDArrayArithmeticTests.swift */,
				A796369F1E740DF400E1022B /* NDArrayBoolTests.swift */,
				A79636A01E740DF400E1022B /* NDArrayCompoundAssignmentTests.swift */,
				A79636A11E740DF400E1022B /* NDArrayCreationTests.swift */,
				A79636A21E740DF400E1022B /* NDArrayFloatingPointFunctionsTests.swift */,
				A79636A31E740DF400E1022B /* NDArrayPerformanceTests.swift */,
				A79636A41E740DF400E1022B /* NDArrayRandomTests.swift */,
				A79636A51E740DF400E1022B /* NDArrayReduceTests.swift */,
				A79636A61E740DF400E1022B /* NDArrayStackTests.swift */,
				A79636A71E740DF400E1022B /* NDArraySubscriptTests.swift */,
				A79636A81E740DF400E1022B /* NDArrayTests.swift */,
				A79636A91E740DF400E1022B /* NDArrayTransformationTests.swift */,
				A79636AA1E740DF400E1022B /* NDArrayXCTest.swift */,
			);
			path = NDArrayTests;
			sourceTree = "<group>";
		};
		OBJ_10 /* Tests */ = {
			isa = PBXGroup;
			children = (
				A79636911E740DF400E1022B /* numswTests */,
			);
			path = Tests;
			sourceTree = "<group>";
		};
		OBJ_15 /* Products */ = {
			isa = PBXGroup;
			children = (
				OBJ_16 /* numsw.framework */,
				OBJ_17 /* numswTests.xctest */,
			);
			name = Products;
			sourceTree = BUILT_PRODUCTS_DIR;
		};
		OBJ_5 = {
			isa = PBXGroup;
			children = (
				OBJ_6 /* Package.swift */,
				OBJ_7 /* Sources */,
				OBJ_10 /* Tests */,
				OBJ_13 /* playgrounds */,
				OBJ_15 /* Products */,
			);
			sourceTree = "<group>";
		};
		OBJ_7 /* Sources */ = {
			isa = PBXGroup;
			children = (
				A79636751E740DE500E1022B /* numsw */,
			);
			path = Sources;
			sourceTree = "<group>";
		};
/* End PBXGroup section */

/* Begin PBXNativeTarget section */
		OBJ_18 /* numsw */ = {
			isa = PBXNativeTarget;
			buildConfigurationList = OBJ_19 /* Build configuration list for PBXNativeTarget "numsw" */;
			buildPhases = (
				1453FBC71E6A632300633F32 /* Swiftlint */,
				OBJ_22 /* Sources */,
				OBJ_24 /* Frameworks */,
			);
			buildRules = (
			);
			dependencies = (
			);
			name = numsw;
			productName = numsw;
			productReference = OBJ_16 /* numsw.framework */;
			productType = "com.apple.product-type.framework";
		};
		OBJ_25 /* numswTests */ = {
			isa = PBXNativeTarget;
			buildConfigurationList = OBJ_26 /* Build configuration list for PBXNativeTarget "numswTests" */;
			buildPhases = (
				OBJ_29 /* Sources */,
				OBJ_31 /* Frameworks */,
			);
			buildRules = (
			);
			dependencies = (
				OBJ_33 /* PBXTargetDependency */,
			);
			name = numswTests;
			productName = numswTests;
			productReference = OBJ_17 /* numswTests.xctest */;
			productType = "com.apple.product-type.bundle.unit-test";
		};
/* End PBXNativeTarget section */

/* Begin PBXProject section */
		OBJ_1 /* Project object */ = {
			isa = PBXProject;
			attributes = {
				LastUpgradeCheck = 9999;
			};
			buildConfigurationList = OBJ_2 /* Build configuration list for PBXProject "numsw" */;
			compatibilityVersion = "Xcode 3.2";
			developmentRegion = English;
			hasScannedForEncodings = 0;
			knownRegions = (
				en,
			);
			mainGroup = OBJ_5;
			productRefGroup = OBJ_15 /* Products */;
			projectDirPath = "";
			projectRoot = "";
			targets = (
				OBJ_18 /* numsw */,
				OBJ_25 /* numswTests */,
			);
		};
/* End PBXProject section */

/* Begin PBXShellScriptBuildPhase section */
		1453FBC71E6A632300633F32 /* Swiftlint */ = {
			isa = PBXShellScriptBuildPhase;
			buildActionMask = 2147483647;
			files = (
			);
			inputPaths = (
			);
			name = Swiftlint;
			outputPaths = (
			);
			runOnlyForDeploymentPostprocessing = 0;
			shellPath = /bin/sh;
			shellScript = "if which swiftlint >/dev/null; then\necho \"SwiftLint\"\nswiftlint autocorrect\nelse\necho \"SwiftLint does not exist, download from https://github.com/realm/SwiftLint\"\nfi\n";
		};
/* End PBXShellScriptBuildPhase section */

/* Begin PBXSourcesBuildPhase section */
		OBJ_22 /* Sources */ = {
			isa = PBXSourcesBuildPhase;
			buildActionMask = 0;
			files = (
			);
			runOnlyForDeploymentPostprocessing = 0;
		};
		OBJ_29 /* Sources */ = {
			isa = PBXSourcesBuildPhase;
			buildActionMask = 0;
			files = (
			);
			runOnlyForDeploymentPostprocessing = 0;
		};
/* End PBXSourcesBuildPhase section */

/* Begin PBXTargetDependency section */
		OBJ_33 /* PBXTargetDependency */ = {
			isa = PBXTargetDependency;
			target = OBJ_18 /* numsw */;
			targetProxy = 1453FBC61E6A5D4800633F32 /* PBXContainerItemProxy */;
		};
/* End PBXTargetDependency section */

/* Begin XCBuildConfiguration section */
		OBJ_20 /* Debug */ = {
			isa = XCBuildConfiguration;
			buildSettings = {
				ENABLE_TESTABILITY = YES;
				FRAMEWORK_SEARCH_PATHS = (
					"$(inherited)",
					"$(PLATFORM_DIR)/Developer/Library/Frameworks",
				);
				HEADER_SEARCH_PATHS = "$(inherited)";
				INFOPLIST_FILE = numsw.xcodeproj/numsw_Info.plist;
				LD_RUNPATH_SEARCH_PATHS = "$(TOOLCHAIN_DIR)/usr/lib/swift/macosx";
				OTHER_LDFLAGS = "$(inherited)";
				OTHER_SWIFT_FLAGS = "$(inherited)";
				PRODUCT_BUNDLE_IDENTIFIER = numsw;
				PRODUCT_MODULE_NAME = "$(TARGET_NAME:c99extidentifier)";
				PRODUCT_NAME = "$(TARGET_NAME:c99extidentifier)";
				TARGET_NAME = numsw;
			};
			name = Debug;
		};
		OBJ_21 /* Release */ = {
			isa = XCBuildConfiguration;
			buildSettings = {
				ENABLE_TESTABILITY = YES;
				FRAMEWORK_SEARCH_PATHS = (
					"$(inherited)",
					"$(PLATFORM_DIR)/Developer/Library/Frameworks",
				);
				HEADER_SEARCH_PATHS = "$(inherited)";
				INFOPLIST_FILE = numsw.xcodeproj/numsw_Info.plist;
				LD_RUNPATH_SEARCH_PATHS = "$(TOOLCHAIN_DIR)/usr/lib/swift/macosx";
				OTHER_LDFLAGS = "$(inherited)";
				OTHER_SWIFT_FLAGS = "$(inherited)";
				PRODUCT_BUNDLE_IDENTIFIER = numsw;
				PRODUCT_MODULE_NAME = "$(TARGET_NAME:c99extidentifier)";
				PRODUCT_NAME = "$(TARGET_NAME:c99extidentifier)";
				TARGET_NAME = numsw;
			};
			name = Release;
		};
		OBJ_27 /* Debug */ = {
			isa = XCBuildConfiguration;
			buildSettings = {
				EMBEDDED_CONTENT_CONTAINS_SWIFT = YES;
				FRAMEWORK_SEARCH_PATHS = (
					"$(inherited)",
					"$(PLATFORM_DIR)/Developer/Library/Frameworks",
				);
				HEADER_SEARCH_PATHS = "$(inherited)";
				INFOPLIST_FILE = numsw.xcodeproj/numswTests_Info.plist;
				LD_RUNPATH_SEARCH_PATHS = "@loader_path/../Frameworks";
				OTHER_LDFLAGS = "$(inherited)";
				OTHER_SWIFT_FLAGS = "$(inherited)";
				TARGET_NAME = numswTests;
			};
			name = Debug;
		};
		OBJ_28 /* Release */ = {
			isa = XCBuildConfiguration;
			buildSettings = {
				EMBEDDED_CONTENT_CONTAINS_SWIFT = YES;
				FRAMEWORK_SEARCH_PATHS = (
					"$(inherited)",
					"$(PLATFORM_DIR)/Developer/Library/Frameworks",
				);
				HEADER_SEARCH_PATHS = "$(inherited)";
				INFOPLIST_FILE = numsw.xcodeproj/numswTests_Info.plist;
				LD_RUNPATH_SEARCH_PATHS = "@loader_path/../Frameworks";
				OTHER_LDFLAGS = "$(inherited)";
				OTHER_SWIFT_FLAGS = "$(inherited)";
				TARGET_NAME = numswTests;
			};
			name = Release;
		};
		OBJ_3 /* Debug */ = {
			isa = XCBuildConfiguration;
			buildSettings = {
				COMBINE_HIDPI_IMAGES = YES;
				COPY_PHASE_STRIP = NO;
				DEBUG_INFORMATION_FORMAT = dwarf;
				DYLIB_INSTALL_NAME_BASE = "@rpath";
				ENABLE_NS_ASSERTIONS = YES;
				GCC_OPTIMIZATION_LEVEL = 0;
				MACOSX_DEPLOYMENT_TARGET = 10.10;
				ONLY_ACTIVE_ARCH = YES;
				OTHER_SWIFT_FLAGS = "-DXcode";
				PRODUCT_NAME = "$(TARGET_NAME)";
				SDKROOT = macosx;
				SUPPORTED_PLATFORMS = "macosx iphoneos iphonesimulator appletvos appletvsimulator watchos watchsimulator";
				SWIFT_ACTIVE_COMPILATION_CONDITIONS = SWIFT_PACKAGE;
				SWIFT_OPTIMIZATION_LEVEL = "-Onone";
				SWIFT_VERSION = 3.0;
				USE_HEADERMAP = NO;
			};
			name = Debug;
		};
		OBJ_4 /* Release */ = {
			isa = XCBuildConfiguration;
			buildSettings = {
				COMBINE_HIDPI_IMAGES = YES;
				COPY_PHASE_STRIP = YES;
				DEBUG_INFORMATION_FORMAT = "dwarf-with-dsym";
				DYLIB_INSTALL_NAME_BASE = "@rpath";
				GCC_OPTIMIZATION_LEVEL = s;
				MACOSX_DEPLOYMENT_TARGET = 10.10;
				OTHER_SWIFT_FLAGS = "-DXcode";
				PRODUCT_NAME = "$(TARGET_NAME)";
				SDKROOT = macosx;
				SUPPORTED_PLATFORMS = "macosx iphoneos iphonesimulator appletvos appletvsimulator watchos watchsimulator";
				SWIFT_ACTIVE_COMPILATION_CONDITIONS = SWIFT_PACKAGE;
				SWIFT_OPTIMIZATION_LEVEL = "-O";
				SWIFT_VERSION = 3.0;
				USE_HEADERMAP = NO;
			};
			name = Release;
		};
/* End XCBuildConfiguration section */

/* Begin XCConfigurationList section */
		OBJ_19 /* Build configuration list for PBXNativeTarget "numsw" */ = {
			isa = XCConfigurationList;
			buildConfigurations = (
				OBJ_20 /* Debug */,
				OBJ_21 /* Release */,
			);
			defaultConfigurationIsVisible = 0;
			defaultConfigurationName = Debug;
		};
		OBJ_2 /* Build configuration list for PBXProject "numsw" */ = {
			isa = XCConfigurationList;
			buildConfigurations = (
				OBJ_3 /* Debug */,
				OBJ_4 /* Release */,
			);
			defaultConfigurationIsVisible = 0;
			defaultConfigurationName = Debug;
		};
		OBJ_26 /* Build configuration list for PBXNativeTarget "numswTests" */ = {
			isa = XCConfigurationList;
			buildConfigurations = (
				OBJ_27 /* Debug */,
				OBJ_28 /* Release */,
			);
			defaultConfigurationIsVisible = 0;
			defaultConfigurationName = Debug;
		};
/* End XCConfigurationList section */
	};
	rootObject = OBJ_1 /* Project object */;
}
