// !$*UTF8*$!
{
	archiveVersion = 1;
	classes = {
	};
	objectVersion = 46;
	objects = {

/* Begin PBXBuildFile section */
		1453FBDC1E6A81A400633F32 /* Matrix_sonson.swift in Sources */ = {isa = PBXBuildFile; fileRef = 1453FBDA1E6A81A400633F32 /* Matrix_sonson.swift */; };
		1453FBDD1E6A81A400633F32 /* MatrixAddition.swift in Sources */ = {isa = PBXBuildFile; fileRef = 1453FBDB1E6A81A400633F32 /* MatrixAddition.swift */; };
		1453FBE01E6A833700633F32 /* MatrixAdditionTest.swift in Sources */ = {isa = PBXBuildFile; fileRef = 1453FBDE1E6A81B000633F32 /* MatrixAdditionTest.swift */; };
		1453FBE21E6A878100633F32 /* MatrixBasicTest.swift in Sources */ = {isa = PBXBuildFile; fileRef = 1453FBE11E6A878100633F32 /* MatrixBasicTest.swift */; };
		1453FBE91E6A904600633F32 /* MatrixLogarithm.swift in Sources */ = {isa = PBXBuildFile; fileRef = 1453FBE81E6A904600633F32 /* MatrixLogarithm.swift */; };
		1453FBEC1E6A926800633F32 /* MatrixLogarithmTest.swift in Sources */ = {isa = PBXBuildFile; fileRef = 1453FBEA1E6A904D00633F32 /* MatrixLogarithmTest.swift */; };
		A7EC96D91E6A5F340001727F /* Matrix.swift in Sources */ = {isa = PBXBuildFile; fileRef = A7EC96D81E6A5F340001727F /* Matrix.swift */; };
		A7EC96DD1E6A679F0001727F /* MatrixMultiply.swift in Sources */ = {isa = PBXBuildFile; fileRef = A7EC96DC1E6A679F0001727F /* MatrixMultiply.swift */; };
		A7EC96DF1E6A67F90001727F /* MatrixMultiplyTest.swift in Sources */ = {isa = PBXBuildFile; fileRef = A7EC96DE1E6A67F90001727F /* MatrixMultiplyTest.swift */; };
		A7EC96E11E6A6ACB0001727F /* MatrixSubscript.swift in Sources */ = {isa = PBXBuildFile; fileRef = A7EC96E01E6A6ACB0001727F /* MatrixSubscript.swift */; };
		A7EC96E51E6A6C220001727F /* MatrixSubscriptTests.swift in Sources */ = {isa = PBXBuildFile; fileRef = A7EC96E41E6A6C220001727F /* MatrixSubscriptTests.swift */; };
		A7EC96E91E6A72830001727F /* MatrixInvert.swift in Sources */ = {isa = PBXBuildFile; fileRef = A7EC96E81E6A72830001727F /* MatrixInvert.swift */; };
		A7EC96EB1E6A782D0001727F /* MatrixInvertTests.swift in Sources */ = {isa = PBXBuildFile; fileRef = A7EC96EA1E6A782D0001727F /* MatrixInvertTests.swift */; };
		A7EC96ED1E6A79A00001727F /* MatrixTranspose.swift in Sources */ = {isa = PBXBuildFile; fileRef = A7EC96EC1E6A79A00001727F /* MatrixTranspose.swift */; };
		A7EC96F11E6A7C490001727F /* MatrixTransposeTests.swift in Sources */ = {isa = PBXBuildFile; fileRef = A7EC96F01E6A7C490001727F /* MatrixTransposeTests.swift */; };
		A7EC96F31E6A7CD80001727F /* MatrixDivide.swift in Sources */ = {isa = PBXBuildFile; fileRef = A7EC96F21E6A7CD80001727F /* MatrixDivide.swift */; };
		A7EC96F51E6A7D470001727F /* MatrixDivideTests.swift in Sources */ = {isa = PBXBuildFile; fileRef = A7EC96F41E6A7D470001727F /* MatrixDivideTests.swift */; };
		A7EC96F91E6A813D0001727F /* Random.swift in Sources */ = {isa = PBXBuildFile; fileRef = A7EC96F81E6A813D0001727F /* Random.swift */; };
		A7EC96FB1E6A8C6C0001727F /* MatrixRange.swift in Sources */ = {isa = PBXBuildFile; fileRef = A7EC96FA1E6A8C6C0001727F /* MatrixRange.swift */; };
		A7EC96FD1E6A8DF50001727F /* MatrixRangeTests.swift in Sources */ = {isa = PBXBuildFile; fileRef = A7EC96FC1E6A8DF50001727F /* MatrixRangeTests.swift */; };
		OBJ_23 /* numsw.swift in Sources */ = {isa = PBXBuildFile; fileRef = OBJ_9 /* numsw.swift */; };
		OBJ_30 /* numswTests.swift in Sources */ = {isa = PBXBuildFile; fileRef = OBJ_12 /* numswTests.swift */; };
		OBJ_32 /* numsw.framework in Frameworks */ = {isa = PBXBuildFile; fileRef = OBJ_16 /* numsw.framework */; };
/* End PBXBuildFile section */

/* Begin PBXContainerItemProxy section */
		1453FBC61E6A5D4800633F32 /* PBXContainerItemProxy */ = {
			isa = PBXContainerItemProxy;
			containerPortal = OBJ_1 /* Project object */;
			proxyType = 1;
			remoteGlobalIDString = OBJ_18;
			remoteInfo = numsw;
		};
/* End PBXContainerItemProxy section */

/* Begin PBXFileReference section */
		1453FBDA1E6A81A400633F32 /* Matrix_sonson.swift */ = {isa = PBXFileReference; fileEncoding = 4; lastKnownFileType = sourcecode.swift; path = Matrix_sonson.swift; sourceTree = "<group>"; };
		1453FBDB1E6A81A400633F32 /* MatrixAddition.swift */ = {isa = PBXFileReference; fileEncoding = 4; lastKnownFileType = sourcecode.swift; path = MatrixAddition.swift; sourceTree = "<group>"; };
		1453FBDE1E6A81B000633F32 /* MatrixAdditionTest.swift */ = {isa = PBXFileReference; fileEncoding = 4; lastKnownFileType = sourcecode.swift; path = MatrixAdditionTest.swift; sourceTree = "<group>"; };
		1453FBE11E6A878100633F32 /* MatrixBasicTest.swift */ = {isa = PBXFileReference; fileEncoding = 4; lastKnownFileType = sourcecode.swift; path = MatrixBasicTest.swift; sourceTree = "<group>"; };
		1453FBE81E6A904600633F32 /* MatrixLogarithm.swift */ = {isa = PBXFileReference; fileEncoding = 4; lastKnownFileType = sourcecode.swift; path = MatrixLogarithm.swift; sourceTree = "<group>"; };
		1453FBEA1E6A904D00633F32 /* MatrixLogarithmTest.swift */ = {isa = PBXFileReference; fileEncoding = 4; lastKnownFileType = sourcecode.swift; path = MatrixLogarithmTest.swift; sourceTree = "<group>"; };
		A7EC96D81E6A5F340001727F /* Matrix.swift */ = {isa = PBXFileReference; fileEncoding = 4; lastKnownFileType = sourcecode.swift; path = Matrix.swift; sourceTree = "<group>"; };
		A7EC96DC1E6A679F0001727F /* MatrixMultiply.swift */ = {isa = PBXFileReference; fileEncoding = 4; lastKnownFileType = sourcecode.swift; path = MatrixMultiply.swift; sourceTree = "<group>"; };
		A7EC96DE1E6A67F90001727F /* MatrixMultiplyTest.swift */ = {isa = PBXFileReference; fileEncoding = 4; lastKnownFileType = sourcecode.swift; path = MatrixMultiplyTest.swift; sourceTree = "<group>"; };
		A7EC96E01E6A6ACB0001727F /* MatrixSubscript.swift */ = {isa = PBXFileReference; fileEncoding = 4; lastKnownFileType = sourcecode.swift; path = MatrixSubscript.swift; sourceTree = "<group>"; };
		A7EC96E41E6A6C220001727F /* MatrixSubscriptTests.swift */ = {isa = PBXFileReference; fileEncoding = 4; lastKnownFileType = sourcecode.swift; path = MatrixSubscriptTests.swift; sourceTree = "<group>"; };
		A7EC96E81E6A72830001727F /* MatrixInvert.swift */ = {isa = PBXFileReference; fileEncoding = 4; lastKnownFileType = sourcecode.swift; path = MatrixInvert.swift; sourceTree = "<group>"; };
		A7EC96EA1E6A782D0001727F /* MatrixInvertTests.swift */ = {isa = PBXFileReference; fileEncoding = 4; lastKnownFileType = sourcecode.swift; path = MatrixInvertTests.swift; sourceTree = "<group>"; };
		A7EC96EC1E6A79A00001727F /* MatrixTranspose.swift */ = {isa = PBXFileReference; fileEncoding = 4; lastKnownFileType = sourcecode.swift; path = MatrixTranspose.swift; sourceTree = "<group>"; };
		A7EC96F01E6A7C490001727F /* MatrixTransposeTests.swift */ = {isa = PBXFileReference; fileEncoding = 4; lastKnownFileType = sourcecode.swift; path = MatrixTransposeTests.swift; sourceTree = "<group>"; };
		A7EC96F21E6A7CD80001727F /* MatrixDivide.swift */ = {isa = PBXFileReference; fileEncoding = 4; lastKnownFileType = sourcecode.swift; path = MatrixDivide.swift; sourceTree = "<group>"; };
		A7EC96F41E6A7D470001727F /* MatrixDivideTests.swift */ = {isa = PBXFileReference; fileEncoding = 4; lastKnownFileType = sourcecode.swift; path = MatrixDivideTests.swift; sourceTree = "<group>"; };
		A7EC96F81E6A813D0001727F /* Random.swift */ = {isa = PBXFileReference; fileEncoding = 4; lastKnownFileType = sourcecode.swift; path = Random.swift; sourceTree = "<group>"; };
		A7EC96FA1E6A8C6C0001727F /* MatrixRange.swift */ = {isa = PBXFileReference; fileEncoding = 4; lastKnownFileType = sourcecode.swift; path = MatrixRange.swift; sourceTree = "<group>"; };
		A7EC96FC1E6A8DF50001727F /* MatrixRangeTests.swift */ = {isa = PBXFileReference; fileEncoding = 4; lastKnownFileType = sourcecode.swift; path = MatrixRangeTests.swift; sourceTree = "<group>"; };
		OBJ_12 /* numswTests.swift */ = {isa = PBXFileReference; lastKnownFileType = sourcecode.swift; path = numswTests.swift; sourceTree = "<group>"; };
		OBJ_13 /* playgrounds */ = {isa = PBXFileReference; lastKnownFileType = folder; path = playgrounds; sourceTree = SOURCE_ROOT; };
		OBJ_14 /* sandbox */ = {isa = PBXFileReference; lastKnownFileType = folder; path = sandbox; sourceTree = SOURCE_ROOT; };
		OBJ_16 /* numsw.framework */ = {isa = PBXFileReference; explicitFileType = wrapper.framework; path = numsw.framework; sourceTree = BUILT_PRODUCTS_DIR; };
		OBJ_17 /* numswTests.xctest */ = {isa = PBXFileReference; lastKnownFileType = file; path = numswTests.xctest; sourceTree = BUILT_PRODUCTS_DIR; };
		OBJ_6 /* Package.swift */ = {isa = PBXFileReference; explicitFileType = sourcecode.swift; path = Package.swift; sourceTree = "<group>"; };
		OBJ_9 /* numsw.swift */ = {isa = PBXFileReference; lastKnownFileType = sourcecode.swift; path = numsw.swift; sourceTree = "<group>"; };
/* End PBXFileReference section */

/* Begin PBXFrameworksBuildPhase section */
		OBJ_24 /* Frameworks */ = {
			isa = PBXFrameworksBuildPhase;
			buildActionMask = 0;
			files = (
			);
			runOnlyForDeploymentPostprocessing = 0;
		};
		OBJ_31 /* Frameworks */ = {
			isa = PBXFrameworksBuildPhase;
			buildActionMask = 0;
			files = (
				OBJ_32 /* numsw.framework in Frameworks */,
			);
			runOnlyForDeploymentPostprocessing = 0;
		};
/* End PBXFrameworksBuildPhase section */

/* Begin PBXGroup section */
		OBJ_10 /* Tests */ = {
			isa = PBXGroup;
			children = (
				OBJ_11 /* numswTests */,
			);
			path = Tests;
			sourceTree = "<group>";
		};
		OBJ_11 /* numswTests */ = {
			isa = PBXGroup;
			children = (
				1453FBEA1E6A904D00633F32 /* MatrixLogarithmTest.swift */,
				1453FBE11E6A878100633F32 /* MatrixBasicTest.swift */,
				1453FBDE1E6A81B000633F32 /* MatrixAdditionTest.swift */,
				OBJ_12 /* numswTests.swift */,
				A7EC96DE1E6A67F90001727F /* MatrixMultiplyTest.swift */,
				A7EC96E41E6A6C220001727F /* MatrixSubscriptTests.swift */,
				A7EC96EA1E6A782D0001727F /* MatrixInvertTests.swift */,
				A7EC96F01E6A7C490001727F /* MatrixTransposeTests.swift */,
				A7EC96F41E6A7D470001727F /* MatrixDivideTests.swift */,
				A7EC96FC1E6A8DF50001727F /* MatrixRangeTests.swift */,
			);
			name = numswTests;
			path = Tests/numswTests;
			sourceTree = SOURCE_ROOT;
		};
		OBJ_15 /* Products */ = {
			isa = PBXGroup;
			children = (
				OBJ_16 /* numsw.framework */,
				OBJ_17 /* numswTests.xctest */,
			);
			name = Products;
			sourceTree = BUILT_PRODUCTS_DIR;
		};
		OBJ_5 = {
			isa = PBXGroup;
			children = (
				OBJ_6 /* Package.swift */,
				OBJ_7 /* Sources */,
				OBJ_10 /* Tests */,
				OBJ_13 /* playgrounds */,
				OBJ_14 /* sandbox */,
				OBJ_15 /* Products */,
			);
			sourceTree = "<group>";
		};
		OBJ_7 /* Sources */ = {
			isa = PBXGroup;
			children = (
				OBJ_8 /* numsw */,
			);
			path = Sources;
			sourceTree = "<group>";
		};
		OBJ_8 /* numsw */ = {
			isa = PBXGroup;
			children = (
				1453FBDA1E6A81A400633F32 /* Matrix_sonson.swift */,
				1453FBDB1E6A81A400633F32 /* MatrixAddition.swift */,
				A7EC96D81E6A5F340001727F /* Matrix.swift */,
				A7EC96E01E6A6ACB0001727F /* MatrixSubscript.swift */,
				OBJ_9 /* numsw.swift */,
				A7EC96DC1E6A679F0001727F /* MatrixMultiply.swift */,
				A7EC96E81E6A72830001727F /* MatrixInvert.swift */,
				A7EC96EC1E6A79A00001727F /* MatrixTranspose.swift */,
				A7EC96F21E6A7CD80001727F /* MatrixDivide.swift */,
				A7EC96F81E6A813D0001727F /* Random.swift */,
				A7EC96FA1E6A8C6C0001727F /* MatrixRange.swift */,
				1453FBE81E6A904600633F32 /* MatrixLogarithm.swift */,
			);
			name = numsw;
			path = Sources;
			sourceTree = SOURCE_ROOT;
		};
/* End PBXGroup section */

/* Begin PBXNativeTarget section */
		OBJ_18 /* numsw */ = {
			isa = PBXNativeTarget;
			buildConfigurationList = OBJ_19 /* Build configuration list for PBXNativeTarget "numsw" */;
			buildPhases = (
				1453FBC71E6A632300633F32 /* Swiftlint */,
				OBJ_22 /* Sources */,
				OBJ_24 /* Frameworks */,
			);
			buildRules = (
			);
			dependencies = (
			);
			name = numsw;
			productName = numsw;
			productReference = OBJ_16 /* numsw.framework */;
			productType = "com.apple.product-type.framework";
		};
		OBJ_25 /* numswTests */ = {
			isa = PBXNativeTarget;
			buildConfigurationList = OBJ_26 /* Build configuration list for PBXNativeTarget "numswTests" */;
			buildPhases = (
				OBJ_29 /* Sources */,
				OBJ_31 /* Frameworks */,
			);
			buildRules = (
			);
			dependencies = (
				OBJ_33 /* PBXTargetDependency */,
			);
			name = numswTests;
			productName = numswTests;
			productReference = OBJ_17 /* numswTests.xctest */;
			productType = "com.apple.product-type.bundle.unit-test";
		};
/* End PBXNativeTarget section */

/* Begin PBXProject section */
		OBJ_1 /* Project object */ = {
			isa = PBXProject;
			attributes = {
				LastUpgradeCheck = 9999;
			};
			buildConfigurationList = OBJ_2 /* Build configuration list for PBXProject "numsw" */;
			compatibilityVersion = "Xcode 3.2";
			developmentRegion = English;
			hasScannedForEncodings = 0;
			knownRegions = (
				en,
			);
			mainGroup = OBJ_5;
			productRefGroup = OBJ_15 /* Products */;
			projectDirPath = "";
			projectRoot = "";
			targets = (
				OBJ_18 /* numsw */,
				OBJ_25 /* numswTests */,
			);
		};
/* End PBXProject section */

/* Begin PBXShellScriptBuildPhase section */
		1453FBC71E6A632300633F32 /* Swiftlint */ = {
			isa = PBXShellScriptBuildPhase;
			buildActionMask = 2147483647;
			files = (
			);
			inputPaths = (
			);
			name = Swiftlint;
			outputPaths = (
			);
			runOnlyForDeploymentPostprocessing = 0;
			shellPath = /bin/sh;
			shellScript = "if which swiftlint >/dev/null; then\necho \"SwiftLint\"\nswiftlint autocorrect\nelse\necho \"SwiftLint does not exist, download from https://github.com/realm/SwiftLint\"\nfi\n";
		};
/* End PBXShellScriptBuildPhase section */

/* Begin PBXSourcesBuildPhase section */
		OBJ_22 /* Sources */ = {
			isa = PBXSourcesBuildPhase;
			buildActionMask = 0;
			files = (
				A7EC96F91E6A813D0001727F /* Random.swift in Sources */,
				A7EC96E11E6A6ACB0001727F /* MatrixSubscript.swift in Sources */,
				1453FBDD1E6A81A400633F32 /* MatrixAddition.swift in Sources */,
				A7EC96ED1E6A79A00001727F /* MatrixTranspose.swift in Sources */,
				1453FBDC1E6A81A400633F32 /* Matrix_sonson.swift in Sources */,
				A7EC96D91E6A5F340001727F /* Matrix.swift in Sources */,
				A7EC96FB1E6A8C6C0001727F /* MatrixRange.swift in Sources */,
				A7EC96E91E6A72830001727F /* MatrixInvert.swift in Sources */,
				1453FBE91E6A904600633F32 /* MatrixLogarithm.swift in Sources */,
				OBJ_23 /* numsw.swift in Sources */,
				A7EC96DD1E6A679F0001727F /* MatrixMultiply.swift in Sources */,
				A7EC96F31E6A7CD80001727F /* MatrixDivide.swift in Sources */,
			);
			runOnlyForDeploymentPostprocessing = 0;
		};
		OBJ_29 /* Sources */ = {
			isa = PBXSourcesBuildPhase;
			buildActionMask = 0;
			files = (
				A7EC96E51E6A6C220001727F /* MatrixSubscriptTests.swift in Sources */,
				A7EC96F51E6A7D470001727F /* MatrixDivideTests.swift in Sources */,
				1453FBEC1E6A926800633F32 /* MatrixLogarithmTest.swift in Sources */,
				1453FBE01E6A833700633F32 /* MatrixAdditionTest.swift in Sources */,
				A7EC96F11E6A7C490001727F /* MatrixTransposeTests.swift in Sources */,
				A7EC96DF1E6A67F90001727F /* MatrixMultiplyTest.swift in Sources */,
				A7EC96EB1E6A782D0001727F /* MatrixInvertTests.swift in Sources */,
				A7EC96FD1E6A8DF50001727F /* MatrixRangeTests.swift in Sources */,
				OBJ_30 /* numswTests.swift in Sources */,
				1453FBE21E6A878100633F32 /* MatrixBasicTest.swift in Sources */,
			);
			runOnlyForDeploymentPostprocessing = 0;
		};
/* End PBXSourcesBuildPhase section */

/* Begin PBXTargetDependency section */
		OBJ_33 /* PBXTargetDependency */ = {
			isa = PBXTargetDependency;
			target = OBJ_18 /* numsw */;
			targetProxy = 1453FBC61E6A5D4800633F32 /* PBXContainerItemProxy */;
		};
/* End PBXTargetDependency section */

/* Begin XCBuildConfiguration section */
		OBJ_20 /* Debug */ = {
			isa = XCBuildConfiguration;
			buildSettings = {
				ENABLE_TESTABILITY = YES;
				FRAMEWORK_SEARCH_PATHS = (
					"$(inherited)",
					"$(PLATFORM_DIR)/Developer/Library/Frameworks",
				);
				HEADER_SEARCH_PATHS = "$(inherited)";
				INFOPLIST_FILE = numsw.xcodeproj/numsw_Info.plist;
				LD_RUNPATH_SEARCH_PATHS = "$(TOOLCHAIN_DIR)/usr/lib/swift/macosx";
				OTHER_LDFLAGS = "$(inherited)";
				OTHER_SWIFT_FLAGS = "$(inherited)";
				PRODUCT_BUNDLE_IDENTIFIER = numsw;
				PRODUCT_MODULE_NAME = "$(TARGET_NAME:c99extidentifier)";
				PRODUCT_NAME = "$(TARGET_NAME:c99extidentifier)";
				TARGET_NAME = numsw;
			};
			name = Debug;
		};
		OBJ_21 /* Release */ = {
			isa = XCBuildConfiguration;
			buildSettings = {
				ENABLE_TESTABILITY = YES;
				FRAMEWORK_SEARCH_PATHS = (
					"$(inherited)",
					"$(PLATFORM_DIR)/Developer/Library/Frameworks",
				);
				HEADER_SEARCH_PATHS = "$(inherited)";
				INFOPLIST_FILE = numsw.xcodeproj/numsw_Info.plist;
				LD_RUNPATH_SEARCH_PATHS = "$(TOOLCHAIN_DIR)/usr/lib/swift/macosx";
				OTHER_LDFLAGS = "$(inherited)";
				OTHER_SWIFT_FLAGS = "$(inherited)";
				PRODUCT_BUNDLE_IDENTIFIER = numsw;
				PRODUCT_MODULE_NAME = "$(TARGET_NAME:c99extidentifier)";
				PRODUCT_NAME = "$(TARGET_NAME:c99extidentifier)";
				TARGET_NAME = numsw;
			};
			name = Release;
		};
		OBJ_27 /* Debug */ = {
			isa = XCBuildConfiguration;
			buildSettings = {
				EMBEDDED_CONTENT_CONTAINS_SWIFT = YES;
				FRAMEWORK_SEARCH_PATHS = (
					"$(inherited)",
					"$(PLATFORM_DIR)/Developer/Library/Frameworks",
				);
				HEADER_SEARCH_PATHS = "$(inherited)";
				INFOPLIST_FILE = numsw.xcodeproj/numswTests_Info.plist;
				LD_RUNPATH_SEARCH_PATHS = "@loader_path/../Frameworks";
				OTHER_LDFLAGS = "$(inherited)";
				OTHER_SWIFT_FLAGS = "$(inherited)";
				TARGET_NAME = numswTests;
			};
			name = Debug;
		};
		OBJ_28 /* Release */ = {
			isa = XCBuildConfiguration;
			buildSettings = {
				EMBEDDED_CONTENT_CONTAINS_SWIFT = YES;
				FRAMEWORK_SEARCH_PATHS = (
					"$(inherited)",
					"$(PLATFORM_DIR)/Developer/Library/Frameworks",
				);
				HEADER_SEARCH_PATHS = "$(inherited)";
				INFOPLIST_FILE = numsw.xcodeproj/numswTests_Info.plist;
				LD_RUNPATH_SEARCH_PATHS = "@loader_path/../Frameworks";
				OTHER_LDFLAGS = "$(inherited)";
				OTHER_SWIFT_FLAGS = "$(inherited)";
				TARGET_NAME = numswTests;
			};
			name = Release;
		};
		OBJ_3 /* Debug */ = {
			isa = XCBuildConfiguration;
			buildSettings = {
				COMBINE_HIDPI_IMAGES = YES;
				COPY_PHASE_STRIP = NO;
				DEBUG_INFORMATION_FORMAT = dwarf;
				DYLIB_INSTALL_NAME_BASE = "@rpath";
				ENABLE_NS_ASSERTIONS = YES;
				GCC_OPTIMIZATION_LEVEL = 0;
				MACOSX_DEPLOYMENT_TARGET = 10.10;
				ONLY_ACTIVE_ARCH = YES;
				OTHER_SWIFT_FLAGS = "-DXcode";
				PRODUCT_NAME = "$(TARGET_NAME)";
				SDKROOT = macosx;
				SUPPORTED_PLATFORMS = "macosx iphoneos iphonesimulator appletvos appletvsimulator watchos watchsimulator";
				SWIFT_ACTIVE_COMPILATION_CONDITIONS = SWIFT_PACKAGE;
				SWIFT_OPTIMIZATION_LEVEL = "-Onone";
				SWIFT_VERSION = 3.0;
				USE_HEADERMAP = NO;
			};
			name = Debug;
		};
		OBJ_4 /* Release */ = {
			isa = XCBuildConfiguration;
			buildSettings = {
				COMBINE_HIDPI_IMAGES = YES;
				COPY_PHASE_STRIP = YES;
				DEBUG_INFORMATION_FORMAT = "dwarf-with-dsym";
				DYLIB_INSTALL_NAME_BASE = "@rpath";
				GCC_OPTIMIZATION_LEVEL = s;
				MACOSX_DEPLOYMENT_TARGET = 10.10;
				OTHER_SWIFT_FLAGS = "-DXcode";
				PRODUCT_NAME = "$(TARGET_NAME)";
				SDKROOT = macosx;
				SUPPORTED_PLATFORMS = "macosx iphoneos iphonesimulator appletvos appletvsimulator watchos watchsimulator";
				SWIFT_ACTIVE_COMPILATION_CONDITIONS = SWIFT_PACKAGE;
				SWIFT_OPTIMIZATION_LEVEL = "-O";
				SWIFT_VERSION = 3.0;
				USE_HEADERMAP = NO;
			};
			name = Release;
		};
/* End XCBuildConfiguration section */

/* Begin XCConfigurationList section */
		OBJ_19 /* Build configuration list for PBXNativeTarget "numsw" */ = {
			isa = XCConfigurationList;
			buildConfigurations = (
				OBJ_20 /* Debug */,
				OBJ_21 /* Release */,
			);
			defaultConfigurationIsVisible = 0;
			defaultConfigurationName = Debug;
		};
		OBJ_2 /* Build configuration list for PBXProject "numsw" */ = {
			isa = XCConfigurationList;
			buildConfigurations = (
				OBJ_3 /* Debug */,
				OBJ_4 /* Release */,
			);
			defaultConfigurationIsVisible = 0;
			defaultConfigurationName = Debug;
		};
		OBJ_26 /* Build configuration list for PBXNativeTarget "numswTests" */ = {
			isa = XCConfigurationList;
			buildConfigurations = (
				OBJ_27 /* Debug */,
				OBJ_28 /* Release */,
			);
			defaultConfigurationIsVisible = 0;
			defaultConfigurationName = Debug;
		};
/* End XCConfigurationList section */
	};
	rootObject = OBJ_1 /* Project object */;
}
