// !$*UTF8*$!
{
	archiveVersion = 1;
	classes = {
	};
	objectVersion = 46;
	objects = {

/* Begin PBXBuildFile section */
		1453FBB51E6A5CD300633F32 /* AppDelegate.swift in Sources */ = {isa = PBXBuildFile; fileRef = 1453FBB41E6A5CD300633F32 /* AppDelegate.swift */; };
		1453FBB71E6A5CD300633F32 /* ViewController.swift in Sources */ = {isa = PBXBuildFile; fileRef = 1453FBB61E6A5CD300633F32 /* ViewController.swift */; };
		1453FBBA1E6A5CD300633F32 /* Main.storyboard in Resources */ = {isa = PBXBuildFile; fileRef = 1453FBB81E6A5CD300633F32 /* Main.storyboard */; };
		1453FBBC1E6A5CD300633F32 /* Assets.xcassets in Resources */ = {isa = PBXBuildFile; fileRef = 1453FBBB1E6A5CD300633F32 /* Assets.xcassets */; };
		1453FBBF1E6A5CD300633F32 /* LaunchScreen.storyboard in Resources */ = {isa = PBXBuildFile; fileRef = 1453FBBD1E6A5CD300633F32 /* LaunchScreen.storyboard */; };
		14B5846A1E7827C30073B173 /* MatrixTextRenderer.swift in Sources */ = {isa = PBXBuildFile; fileRef = 14B584691E7827C30073B173 /* MatrixTextRenderer.swift */; };
		D6A0B5CE1E6FE801004AE3B4 /* AxisRenderer.swift in Sources */ = {isa = PBXBuildFile; fileRef = D6A0B5BB1E6FE801004AE3B4 /* AxisRenderer.swift */; };
		D6A0B5CF1E6FE801004AE3B4 /* Chart.swift in Sources */ = {isa = PBXBuildFile; fileRef = D6A0B5BC1E6FE801004AE3B4 /* Chart.swift */; };
		D6A0B5D01E6FE801004AE3B4 /* ChartBuilder.swift in Sources */ = {isa = PBXBuildFile; fileRef = D6A0B5BD1E6FE801004AE3B4 /* ChartBuilder.swift */; };
		D6A0B5D11E6FE801004AE3B4 /* ChartElement.swift in Sources */ = {isa = PBXBuildFile; fileRef = D6A0B5BE1E6FE801004AE3B4 /* ChartElement.swift */; };
		D6A0B5D21E6FE801004AE3B4 /* ChartRenderer.swift in Sources */ = {isa = PBXBuildFile; fileRef = D6A0B5BF1E6FE801004AE3B4 /* ChartRenderer.swift */; };
		D6A0B5D31E6FE801004AE3B4 /* CompositeRenderer.swift in Sources */ = {isa = PBXBuildFile; fileRef = D6A0B5C01E6FE801004AE3B4 /* CompositeRenderer.swift */; };
		D6A0B5D41E6FE801004AE3B4 /* DummyData.swift in Sources */ = {isa = PBXBuildFile; fileRef = D6A0B5C11E6FE801004AE3B4 /* DummyData.swift */; };
		D6A0B5D51E6FE801004AE3B4 /* LineGraph.swift in Sources */ = {isa = PBXBuildFile; fileRef = D6A0B5C21E6FE801004AE3B4 /* LineGraph.swift */; };
		D6A0B5D61E6FE801004AE3B4 /* LineGraphRenderer.swift in Sources */ = {isa = PBXBuildFile; fileRef = D6A0B5C31E6FE801004AE3B4 /* LineGraphRenderer.swift */; };
		D6A0B5D81E6FE802004AE3B4 /* NumswPlayground.swift in Sources */ = {isa = PBXBuildFile; fileRef = D6A0B5C51E6FE801004AE3B4 /* NumswPlayground.swift */; };
		D6A0B5D91E6FE802004AE3B4 /* Renderer.swift in Sources */ = {isa = PBXBuildFile; fileRef = D6A0B5C61E6FE801004AE3B4 /* Renderer.swift */; };
		D6A0B5DA1E6FE802004AE3B4 /* RendererDebugViewController.swift in Sources */ = {isa = PBXBuildFile; fileRef = D6A0B5C71E6FE801004AE3B4 /* RendererDebugViewController.swift */; };
		D6A0B5DB1E6FE802004AE3B4 /* RendererDebugViewController.xib in Resources */ = {isa = PBXBuildFile; fileRef = D6A0B5C81E6FE801004AE3B4 /* RendererDebugViewController.xib */; };
		D6A0B5DC1E6FE802004AE3B4 /* RendererUtil.swift in Sources */ = {isa = PBXBuildFile; fileRef = D6A0B5C91E6FE801004AE3B4 /* RendererUtil.swift */; };
		D6A0B5DD1E6FE802004AE3B4 /* RenderScrollViewController.swift in Sources */ = {isa = PBXBuildFile; fileRef = D6A0B5CA1E6FE801004AE3B4 /* RenderScrollViewController.swift */; };
		D6A0B5DE1E6FE802004AE3B4 /* RenderTableViewController.swift in Sources */ = {isa = PBXBuildFile; fileRef = D6A0B5CB1E6FE801004AE3B4 /* RenderTableViewController.swift */; };
		D6A0B5DF1E6FE802004AE3B4 /* ScatterGraph.swift in Sources */ = {isa = PBXBuildFile; fileRef = D6A0B5CC1E6FE801004AE3B4 /* ScatterGraph.swift */; };
		D6A0B5E01E6FE802004AE3B4 /* ScatterGraphRenderer.swift in Sources */ = {isa = PBXBuildFile; fileRef = D6A0B5CD1E6FE801004AE3B4 /* ScatterGraphRenderer.swift */; };
		D6A0B5F71E6FE866004AE3B4 /* numswTests.swift in Sources */ = {isa = PBXBuildFile; fileRef = D6A0B5EC1E6FE866004AE3B4 /* numswTests.swift */; };
		D6A0B6021E6FF00F004AE3B4 /* numsw.framework in Frameworks */ = {isa = PBXBuildFile; fileRef = D6A0B6011E6FF00F004AE3B4 /* numsw.framework */; };
		D6A0B6031E6FF00F004AE3B4 /* numsw.framework in Embed Frameworks */ = {isa = PBXBuildFile; fileRef = D6A0B6011E6FF00F004AE3B4 /* numsw.framework */; settings = {ATTRIBUTES = (CodeSignOnCopy, RemoveHeadersOnCopy, ); }; };
/* End PBXBuildFile section */

/* Begin PBXContainerItemProxy section */
		52E1EE431E6A8A2E008D19BB /* PBXContainerItemProxy */ = {
			isa = PBXContainerItemProxy;
			containerPortal = 1453FBA91E6A5CD300633F32 /* Project object */;
			proxyType = 1;
			remoteGlobalIDString = 1453FBB01E6A5CD300633F32;
			remoteInfo = sandbox;
		};
/* End PBXContainerItemProxy section */

/* Begin PBXCopyFilesBuildPhase section */
		52E1EE831E6A8D70008D19BB /* Embed Frameworks */ = {
			isa = PBXCopyFilesBuildPhase;
			buildActionMask = 2147483647;
			dstPath = "";
			dstSubfolderSpec = 10;
			files = (
				D6A0B6031E6FF00F004AE3B4 /* numsw.framework in Embed Frameworks */,
			);
			name = "Embed Frameworks";
			runOnlyForDeploymentPostprocessing = 0;
		};
/* End PBXCopyFilesBuildPhase section */

/* Begin PBXFileReference section */
		1453FBB11E6A5CD300633F32 /* sandbox.app */ = {isa = PBXFileReference; explicitFileType = wrapper.application; includeInIndex = 0; path = sandbox.app; sourceTree = BUILT_PRODUCTS_DIR; };
		1453FBB41E6A5CD300633F32 /* AppDelegate.swift */ = {isa = PBXFileReference; lastKnownFileType = sourcecode.swift; path = AppDelegate.swift; sourceTree = "<group>"; };
		1453FBB61E6A5CD300633F32 /* ViewController.swift */ = {isa = PBXFileReference; lastKnownFileType = sourcecode.swift; path = ViewController.swift; sourceTree = "<group>"; };
		1453FBB91E6A5CD300633F32 /* Base */ = {isa = PBXFileReference; lastKnownFileType = file.storyboard; name = Base; path = Base.lproj/Main.storyboard; sourceTree = "<group>"; };
		1453FBBB1E6A5CD300633F32 /* Assets.xcassets */ = {isa = PBXFileReference; lastKnownFileType = folder.assetcatalog; path = Assets.xcassets; sourceTree = "<group>"; };
		1453FBBE1E6A5CD300633F32 /* Base */ = {isa = PBXFileReference; lastKnownFileType = file.storyboard; name = Base; path = Base.lproj/LaunchScreen.storyboard; sourceTree = "<group>"; };
		1453FBC01E6A5CD300633F32 /* Info.plist */ = {isa = PBXFileReference; lastKnownFileType = text.plist.xml; path = Info.plist; sourceTree = "<group>"; };
		14B584691E7827C30073B173 /* MatrixTextRenderer.swift */ = {isa = PBXFileReference; fileEncoding = 4; lastKnownFileType = sourcecode.swift; name = MatrixTextRenderer.swift; path = ../../../2tch.swift/Core2ch/MatrixTextRenderer.swift; sourceTree = "<group>"; };
		52E1EE3E1E6A8A2E008D19BB /* sandboxTests.xctest */ = {isa = PBXFileReference; explicitFileType = wrapper.cfbundle; includeInIndex = 0; path = sandboxTests.xctest; sourceTree = BUILT_PRODUCTS_DIR; };
		52E1EE421E6A8A2E008D19BB /* Info.plist */ = {isa = PBXFileReference; lastKnownFileType = text.plist.xml; path = Info.plist; sourceTree = "<group>"; };
		D6A0B5BB1E6FE801004AE3B4 /* AxisRenderer.swift */ = {isa = PBXFileReference; fileEncoding = 4; lastKnownFileType = sourcecode.swift; name = AxisRenderer.swift; path = ../AxisRenderer.swift; sourceTree = "<group>"; };
		D6A0B5BC1E6FE801004AE3B4 /* Chart.swift */ = {isa = PBXFileReference; fileEncoding = 4; lastKnownFileType = sourcecode.swift; name = Chart.swift; path = ../Chart.swift; sourceTree = "<group>"; };
		D6A0B5BD1E6FE801004AE3B4 /* ChartBuilder.swift */ = {isa = PBXFileReference; fileEncoding = 4; lastKnownFileType = sourcecode.swift; name = ChartBuilder.swift; path = ../ChartBuilder.swift; sourceTree = "<group>"; };
		D6A0B5BE1E6FE801004AE3B4 /* ChartElement.swift */ = {isa = PBXFileReference; fileEncoding = 4; lastKnownFileType = sourcecode.swift; name = ChartElement.swift; path = ../ChartElement.swift; sourceTree = "<group>"; };
		D6A0B5BF1E6FE801004AE3B4 /* ChartRenderer.swift */ = {isa = PBXFileReference; fileEncoding = 4; lastKnownFileType = sourcecode.swift; name = ChartRenderer.swift; path = ../ChartRenderer.swift; sourceTree = "<group>"; };
		D6A0B5C01E6FE801004AE3B4 /* CompositeRenderer.swift */ = {isa = PBXFileReference; fileEncoding = 4; lastKnownFileType = sourcecode.swift; name = CompositeRenderer.swift; path = ../CompositeRenderer.swift; sourceTree = "<group>"; };
		D6A0B5C11E6FE801004AE3B4 /* DummyData.swift */ = {isa = PBXFileReference; fileEncoding = 4; lastKnownFileType = sourcecode.swift; name = DummyData.swift; path = ../DummyData.swift; sourceTree = "<group>"; };
		D6A0B5C21E6FE801004AE3B4 /* LineGraph.swift */ = {isa = PBXFileReference; fileEncoding = 4; lastKnownFileType = sourcecode.swift; name = LineGraph.swift; path = ../LineGraph.swift; sourceTree = "<group>"; };
		D6A0B5C31E6FE801004AE3B4 /* LineGraphRenderer.swift */ = {isa = PBXFileReference; fileEncoding = 4; lastKnownFileType = sourcecode.swift; name = LineGraphRenderer.swift; path = ../LineGraphRenderer.swift; sourceTree = "<group>"; };
		D6A0B5C41E6FE801004AE3B4 /* NumswPlayground_Playground.swift */ = {isa = PBXFileReference; fileEncoding = 4; lastKnownFileType = sourcecode.swift; name = NumswPlayground_Playground.swift; path = ../NumswPlayground_Playground.swift; sourceTree = "<group>"; };
		D6A0B5C51E6FE801004AE3B4 /* NumswPlayground.swift */ = {isa = PBXFileReference; fileEncoding = 4; lastKnownFileType = sourcecode.swift; name = NumswPlayground.swift; path = ../NumswPlayground.swift; sourceTree = "<group>"; };
		D6A0B5C61E6FE801004AE3B4 /* Renderer.swift */ = {isa = PBXFileReference; fileEncoding = 4; lastKnownFileType = sourcecode.swift; name = Renderer.swift; path = ../Renderer.swift; sourceTree = "<group>"; };
		D6A0B5C71E6FE801004AE3B4 /* RendererDebugViewController.swift */ = {isa = PBXFileReference; fileEncoding = 4; lastKnownFileType = sourcecode.swift; name = RendererDebugViewController.swift; path = ../RendererDebugViewController.swift; sourceTree = "<group>"; };
		D6A0B5C81E6FE801004AE3B4 /* RendererDebugViewController.xib */ = {isa = PBXFileReference; fileEncoding = 4; lastKnownFileType = file.xib; name = RendererDebugViewController.xib; path = ../RendererDebugViewController.xib; sourceTree = "<group>"; };
		D6A0B5C91E6FE801004AE3B4 /* RendererUtil.swift */ = {isa = PBXFileReference; fileEncoding = 4; lastKnownFileType = sourcecode.swift; name = RendererUtil.swift; path = ../RendererUtil.swift; sourceTree = "<group>"; };
		D6A0B5CA1E6FE801004AE3B4 /* RenderScrollViewController.swift */ = {isa = PBXFileReference; fileEncoding = 4; lastKnownFileType = sourcecode.swift; name = RenderScrollViewController.swift; path = ../RenderScrollViewController.swift; sourceTree = "<group>"; };
		D6A0B5CB1E6FE801004AE3B4 /* RenderTableViewController.swift */ = {isa = PBXFileReference; fileEncoding = 4; lastKnownFileType = sourcecode.swift; name = RenderTableViewController.swift; path = ../RenderTableViewController.swift; sourceTree = "<group>"; };
		D6A0B5CC1E6FE801004AE3B4 /* ScatterGraph.swift */ = {isa = PBXFileReference; fileEncoding = 4; lastKnownFileType = sourcecode.swift; name = ScatterGraph.swift; path = ../ScatterGraph.swift; sourceTree = "<group>"; };
		D6A0B5CD1E6FE801004AE3B4 /* ScatterGraphRenderer.swift */ = {isa = PBXFileReference; fileEncoding = 4; lastKnownFileType = sourcecode.swift; name = ScatterGraphRenderer.swift; path = ../ScatterGraphRenderer.swift; sourceTree = "<group>"; };
		D6A0B5EC1E6FE866004AE3B4 /* numswTests.swift */ = {isa = PBXFileReference; fileEncoding = 4; lastKnownFileType = sourcecode.swift; name = numswTests.swift; path = ../../../Tests/numswTests/numswTests.swift; sourceTree = "<group>"; };
		D6A0B6011E6FF00F004AE3B4 /* numsw.framework */ = {isa = PBXFileReference; explicitFileType = wrapper.framework; path = numsw.framework; sourceTree = BUILT_PRODUCTS_DIR; };
/* End PBXFileReference section */

/* Begin PBXFrameworksBuildPhase section */
		1453FBAE1E6A5CD300633F32 /* Frameworks */ = {
			isa = PBXFrameworksBuildPhase;
			buildActionMask = 2147483647;
			files = (
				D6A0B6021E6FF00F004AE3B4 /* numsw.framework in Frameworks */,
			);
			runOnlyForDeploymentPostprocessing = 0;
		};
		52E1EE3B1E6A8A2E008D19BB /* Frameworks */ = {
			isa = PBXFrameworksBuildPhase;
			buildActionMask = 2147483647;
			files = (
			);
			runOnlyForDeploymentPostprocessing = 0;
		};
/* End PBXFrameworksBuildPhase section */

/* Begin PBXGroup section */
		1453FBA81E6A5CD300633F32 = {
			isa = PBXGroup;
			children = (
				D6A0B6041E6FF025004AE3B4 /* frameworks */,
				D621CFFB1E6A631900A50C88 /* playgrounds */,
				14B584681E78276B0073B173 /* sandbox view controllers */,
				1453FBB31E6A5CD300633F32 /* sandbox */,
				52E1EE3F1E6A8A2E008D19BB /* sandboxTests */,
				1453FBB21E6A5CD300633F32 /* Products */,
			);
			sourceTree = "<group>";
		};
		1453FBB21E6A5CD300633F32 /* Products */ = {
			isa = PBXGroup;
			children = (
				1453FBB11E6A5CD300633F32 /* sandbox.app */,
				52E1EE3E1E6A8A2E008D19BB /* sandboxTests.xctest */,
			);
			name = Products;
			sourceTree = "<group>";
		};
		1453FBB31E6A5CD300633F32 /* sandbox */ = {
			isa = PBXGroup;
			children = (
				1453FBB41E6A5CD300633F32 /* AppDelegate.swift */,
				1453FBB61E6A5CD300633F32 /* ViewController.swift */,
				1453FBB81E6A5CD300633F32 /* Main.storyboard */,
				1453FBBB1E6A5CD300633F32 /* Assets.xcassets */,
				1453FBBD1E6A5CD300633F32 /* LaunchScreen.storyboard */,
				1453FBC01E6A5CD300633F32 /* Info.plist */,
			);
			path = sandbox;
			sourceTree = "<group>";
		};
		14B584681E78276B0073B173 /* sandbox view controllers */ = {
			isa = PBXGroup;
			children = (
				D6A0B5C71E6FE801004AE3B4 /* RendererDebugViewController.swift */,
				D6A0B5C81E6FE801004AE3B4 /* RendererDebugViewController.xib */,
			);
			name = "sandbox view controllers";
			path = ../playgrounds;
			sourceTree = "<group>";
		};
		52E1EE3F1E6A8A2E008D19BB /* sandboxTests */ = {
			isa = PBXGroup;
			children = (
				D6A0B5EC1E6FE866004AE3B4 /* numswTests.swift */,
				52E1EE421E6A8A2E008D19BB /* Info.plist */,
			);
			path = sandboxTests;
			sourceTree = "<group>";
		};
		D621CFFB1E6A631900A50C88 /* playgrounds */ = {
			isa = PBXGroup;
			children = (
				D6A0B5BB1E6FE801004AE3B4 /* AxisRenderer.swift */,
				D6A0B5BC1E6FE801004AE3B4 /* Chart.swift */,
				D6A0B5BD1E6FE801004AE3B4 /* ChartBuilder.swift */,
				D6A0B5BE1E6FE801004AE3B4 /* ChartElement.swift */,
				D6A0B5BF1E6FE801004AE3B4 /* ChartRenderer.swift */,
				D6A0B5C01E6FE801004AE3B4 /* CompositeRenderer.swift */,
				D6A0B5C11E6FE801004AE3B4 /* DummyData.swift */,
				D6A0B5C21E6FE801004AE3B4 /* LineGraph.swift */,
				D6A0B5C31E6FE801004AE3B4 /* LineGraphRenderer.swift */,
				14B584691E7827C30073B173 /* MatrixTextRenderer.swift */,
				D6A0B5C41E6FE801004AE3B4 /* NumswPlayground_Playground.swift */,
				D6A0B5C51E6FE801004AE3B4 /* NumswPlayground.swift */,
				D6A0B5C61E6FE801004AE3B4 /* Renderer.swift */,
				D6A0B5C91E6FE801004AE3B4 /* RendererUtil.swift */,
				D6A0B5CA1E6FE801004AE3B4 /* RenderScrollViewController.swift */,
				D6A0B5CB1E6FE801004AE3B4 /* RenderTableViewController.swift */,
				D6A0B5CC1E6FE801004AE3B4 /* ScatterGraph.swift */,
				D6A0B5CD1E6FE801004AE3B4 /* ScatterGraphRenderer.swift */,
			);
			name = playgrounds;
			path = ../playgrounds;
			sourceTree = "<group>";
		};
		D6A0B6041E6FF025004AE3B4 /* frameworks */ = {
			isa = PBXGroup;
			children = (
				D6A0B6011E6FF00F004AE3B4 /* numsw.framework */,
			);
			name = frameworks;
			sourceTree = "<group>";
		};
/* End PBXGroup section */

/* Begin PBXNativeTarget section */
		1453FBB01E6A5CD300633F32 /* sandbox */ = {
			isa = PBXNativeTarget;
			buildConfigurationList = 1453FBC31E6A5CD300633F32 /* Build configuration list for PBXNativeTarget "sandbox" */;
			buildPhases = (
				1453FBAD1E6A5CD300633F32 /* Sources */,
				1453FBAE1E6A5CD300633F32 /* Frameworks */,
				1453FBAF1E6A5CD300633F32 /* Resources */,
				52E1EE831E6A8D70008D19BB /* Embed Frameworks */,
			);
			buildRules = (
			);
			dependencies = (
			);
			name = sandbox;
			productName = sandbox;
			productReference = 1453FBB11E6A5CD300633F32 /* sandbox.app */;
			productType = "com.apple.product-type.application";
		};
		52E1EE3D1E6A8A2E008D19BB /* sandboxTests */ = {
			isa = PBXNativeTarget;
			buildConfigurationList = 52E1EE471E6A8A2E008D19BB /* Build configuration list for PBXNativeTarget "sandboxTests" */;
			buildPhases = (
				52E1EE3A1E6A8A2E008D19BB /* Sources */,
				52E1EE3B1E6A8A2E008D19BB /* Frameworks */,
				52E1EE3C1E6A8A2E008D19BB /* Resources */,
			);
			buildRules = (
			);
			dependencies = (
				52E1EE441E6A8A2E008D19BB /* PBXTargetDependency */,
			);
			name = sandboxTests;
			productName = sandboxTests;
			productReference = 52E1EE3E1E6A8A2E008D19BB /* sandboxTests.xctest */;
			productType = "com.apple.product-type.bundle.unit-test";
		};
/* End PBXNativeTarget section */

/* Begin PBXProject section */
		1453FBA91E6A5CD300633F32 /* Project object */ = {
			isa = PBXProject;
			attributes = {
				LastSwiftUpdateCheck = 0820;
				LastUpgradeCheck = 0820;
				ORGANIZATIONNAME = sonson;
				TargetAttributes = {
					1453FBB01E6A5CD300633F32 = {
						CreatedOnToolsVersion = 8.2.1;
						DevelopmentTeam = 3B8C483UAP;
						ProvisioningStyle = Automatic;
					};
					52E1EE3D1E6A8A2E008D19BB = {
						CreatedOnToolsVersion = 8.2.1;
						LastSwiftMigration = 0820;
						ProvisioningStyle = Automatic;
						TestTargetID = 1453FBB01E6A5CD300633F32;
					};
				};
			};
			buildConfigurationList = 1453FBAC1E6A5CD300633F32 /* Build configuration list for PBXProject "sandbox" */;
			compatibilityVersion = "Xcode 3.2";
			developmentRegion = English;
			hasScannedForEncodings = 0;
			knownRegions = (
				en,
				Base,
			);
			mainGroup = 1453FBA81E6A5CD300633F32;
			productRefGroup = 1453FBB21E6A5CD300633F32 /* Products */;
			projectDirPath = "";
			projectRoot = "";
			targets = (
				1453FBB01E6A5CD300633F32 /* sandbox */,
				52E1EE3D1E6A8A2E008D19BB /* sandboxTests */,
			);
		};
/* End PBXProject section */

/* Begin PBXResourcesBuildPhase section */
		1453FBAF1E6A5CD300633F32 /* Resources */ = {
			isa = PBXResourcesBuildPhase;
			buildActionMask = 2147483647;
			files = (
				1453FBBF1E6A5CD300633F32 /* LaunchScreen.storyboard in Resources */,
				D6A0B5DB1E6FE802004AE3B4 /* RendererDebugViewController.xib in Resources */,
				1453FBBC1E6A5CD300633F32 /* Assets.xcassets in Resources */,
				1453FBBA1E6A5CD300633F32 /* Main.storyboard in Resources */,
			);
			runOnlyForDeploymentPostprocessing = 0;
		};
		52E1EE3C1E6A8A2E008D19BB /* Resources */ = {
			isa = PBXResourcesBuildPhase;
			buildActionMask = 2147483647;
			files = (
			);
			runOnlyForDeploymentPostprocessing = 0;
		};
/* End PBXResourcesBuildPhase section */

/* Begin PBXSourcesBuildPhase section */
		1453FBAD1E6A5CD300633F32 /* Sources */ = {
			isa = PBXSourcesBuildPhase;
			buildActionMask = 2147483647;
			files = (
				1453FBB71E6A5CD300633F32 /* ViewController.swift in Sources */,
				D6A0B5DD1E6FE802004AE3B4 /* RenderScrollViewController.swift in Sources */,
				D6A0B5D41E6FE801004AE3B4 /* DummyData.swift in Sources */,
				D6A0B5D31E6FE801004AE3B4 /* CompositeRenderer.swift in Sources */,
				D6A0B5DF1E6FE802004AE3B4 /* ScatterGraph.swift in Sources */,
				D6A0B5D11E6FE801004AE3B4 /* ChartElement.swift in Sources */,
				D6A0B5CE1E6FE801004AE3B4 /* AxisRenderer.swift in Sources */,
				D6A0B5CF1E6FE801004AE3B4 /* Chart.swift in Sources */,
				D6A0B5DE1E6FE802004AE3B4 /* RenderTableViewController.swift in Sources */,
				D6A0B5D51E6FE801004AE3B4 /* LineGraph.swift in Sources */,
				1453FBB51E6A5CD300633F32 /* AppDelegate.swift in Sources */,
				D6A0B5E01E6FE802004AE3B4 /* ScatterGraphRenderer.swift in Sources */,
				D6A0B5D61E6FE801004AE3B4 /* LineGraphRenderer.swift in Sources */,
				D6A0B5DA1E6FE802004AE3B4 /* RendererDebugViewController.swift in Sources */,
				D6A0B5D91E6FE802004AE3B4 /* Renderer.swift in Sources */,
				D6A0B5D01E6FE801004AE3B4 /* ChartBuilder.swift in Sources */,
				14B5846A1E7827C30073B173 /* MatrixTextRenderer.swift in Sources */,
				D6A0B5DC1E6FE802004AE3B4 /* RendererUtil.swift in Sources */,
				D6A0B5D81E6FE802004AE3B4 /* NumswPlayground.swift in Sources */,
				D6A0B5D21E6FE801004AE3B4 /* ChartRenderer.swift in Sources */,
			);
			runOnlyForDeploymentPostprocessing = 0;
		};
		52E1EE3A1E6A8A2E008D19BB /* Sources */ = {
			isa = PBXSourcesBuildPhase;
			buildActionMask = 2147483647;
			files = (
				D6A0B5F71E6FE866004AE3B4 /* numswTests.swift in Sources */,
			);
			runOnlyForDeploymentPostprocessing = 0;
		};
/* End PBXSourcesBuildPhase section */

/* Begin PBXTargetDependency section */
		52E1EE441E6A8A2E008D19BB /* PBXTargetDependency */ = {
			isa = PBXTargetDependency;
			target = 1453FBB01E6A5CD300633F32 /* sandbox */;
			targetProxy = 52E1EE431E6A8A2E008D19BB /* PBXContainerItemProxy */;
		};
/* End PBXTargetDependency section */

/* Begin PBXVariantGroup section */
		1453FBB81E6A5CD300633F32 /* Main.storyboard */ = {
			isa = PBXVariantGroup;
			children = (
				1453FBB91E6A5CD300633F32 /* Base */,
			);
			name = Main.storyboard;
			sourceTree = "<group>";
		};
		1453FBBD1E6A5CD300633F32 /* LaunchScreen.storyboard */ = {
			isa = PBXVariantGroup;
			children = (
				1453FBBE1E6A5CD300633F32 /* Base */,
			);
			name = LaunchScreen.storyboard;
			sourceTree = "<group>";
		};
/* End PBXVariantGroup section */

/* Begin XCBuildConfiguration section */
		1453FBC11E6A5CD300633F32 /* Debug */ = {
			isa = XCBuildConfiguration;
			buildSettings = {
				ALWAYS_SEARCH_USER_PATHS = NO;
				CLANG_ANALYZER_NONNULL = YES;
				CLANG_CXX_LANGUAGE_STANDARD = "gnu++0x";
				CLANG_CXX_LIBRARY = "libc++";
				CLANG_ENABLE_MODULES = YES;
				CLANG_ENABLE_OBJC_ARC = YES;
				CLANG_WARN_BOOL_CONVERSION = YES;
				CLANG_WARN_CONSTANT_CONVERSION = YES;
				CLANG_WARN_DIRECT_OBJC_ISA_USAGE = YES_ERROR;
				CLANG_WARN_DOCUMENTATION_COMMENTS = YES;
				CLANG_WARN_EMPTY_BODY = YES;
				CLANG_WARN_ENUM_CONVERSION = YES;
				CLANG_WARN_INFINITE_RECURSION = YES;
				CLANG_WARN_INT_CONVERSION = YES;
				CLANG_WARN_OBJC_ROOT_CLASS = YES_ERROR;
				CLANG_WARN_SUSPICIOUS_MOVE = YES;
				CLANG_WARN_UNREACHABLE_CODE = YES;
				CLANG_WARN__DUPLICATE_METHOD_MATCH = YES;
				"CODE_SIGN_IDENTITY[sdk=iphoneos*]" = "iPhone Developer";
				COPY_PHASE_STRIP = NO;
				DEBUG_INFORMATION_FORMAT = dwarf;
				ENABLE_STRICT_OBJC_MSGSEND = YES;
				ENABLE_TESTABILITY = YES;
				GCC_C_LANGUAGE_STANDARD = gnu99;
				GCC_DYNAMIC_NO_PIC = NO;
				GCC_NO_COMMON_BLOCKS = YES;
				GCC_OPTIMIZATION_LEVEL = 0;
				GCC_PREPROCESSOR_DEFINITIONS = (
					"DEBUG=1",
					"$(inherited)",
				);
				GCC_WARN_64_TO_32_BIT_CONVERSION = YES;
				GCC_WARN_ABOUT_RETURN_TYPE = YES_ERROR;
				GCC_WARN_UNDECLARED_SELECTOR = YES;
				GCC_WARN_UNINITIALIZED_AUTOS = YES_AGGRESSIVE;
				GCC_WARN_UNUSED_FUNCTION = YES;
				GCC_WARN_UNUSED_VARIABLE = YES;
				IPHONEOS_DEPLOYMENT_TARGET = 10.2;
				MTL_ENABLE_DEBUG_INFO = YES;
				ONLY_ACTIVE_ARCH = YES;
				SDKROOT = iphoneos;
				SWIFT_ACTIVE_COMPILATION_CONDITIONS = DEBUG;
				SWIFT_OPTIMIZATION_LEVEL = "-Onone";
				TARGETED_DEVICE_FAMILY = "1,2";
			};
			name = Debug;
		};
		1453FBC21E6A5CD300633F32 /* Release */ = {
			isa = XCBuildConfiguration;
			buildSettings = {
				ALWAYS_SEARCH_USER_PATHS = NO;
				CLANG_ANALYZER_NONNULL = YES;
				CLANG_CXX_LANGUAGE_STANDARD = "gnu++0x";
				CLANG_CXX_LIBRARY = "libc++";
				CLANG_ENABLE_MODULES = YES;
				CLANG_ENABLE_OBJC_ARC = YES;
				CLANG_WARN_BOOL_CONVERSION = YES;
				CLANG_WARN_CONSTANT_CONVERSION = YES;
				CLANG_WARN_DIRECT_OBJC_ISA_USAGE = YES_ERROR;
				CLANG_WARN_DOCUMENTATION_COMMENTS = YES;
				CLANG_WARN_EMPTY_BODY = YES;
				CLANG_WARN_ENUM_CONVERSION = YES;
				CLANG_WARN_INFINITE_RECURSION = YES;
				CLANG_WARN_INT_CONVERSION = YES;
				CLANG_WARN_OBJC_ROOT_CLASS = YES_ERROR;
				CLANG_WARN_SUSPICIOUS_MOVE = YES;
				CLANG_WARN_UNREACHABLE_CODE = YES;
				CLANG_WARN__DUPLICATE_METHOD_MATCH = YES;
				"CODE_SIGN_IDENTITY[sdk=iphoneos*]" = "iPhone Developer";
				COPY_PHASE_STRIP = NO;
				DEBUG_INFORMATION_FORMAT = "dwarf-with-dsym";
				ENABLE_NS_ASSERTIONS = NO;
				ENABLE_STRICT_OBJC_MSGSEND = YES;
				GCC_C_LANGUAGE_STANDARD = gnu99;
				GCC_NO_COMMON_BLOCKS = YES;
				GCC_WARN_64_TO_32_BIT_CONVERSION = YES;
				GCC_WARN_ABOUT_RETURN_TYPE = YES_ERROR;
				GCC_WARN_UNDECLARED_SELECTOR = YES;
				GCC_WARN_UNINITIALIZED_AUTOS = YES_AGGRESSIVE;
				GCC_WARN_UNUSED_FUNCTION = YES;
				GCC_WARN_UNUSED_VARIABLE = YES;
				IPHONEOS_DEPLOYMENT_TARGET = 10.2;
				MTL_ENABLE_DEBUG_INFO = NO;
				SDKROOT = iphoneos;
				SWIFT_OPTIMIZATION_LEVEL = "-Owholemodule";
				TARGETED_DEVICE_FAMILY = "1,2";
				VALIDATE_PRODUCT = YES;
			};
			name = Release;
		};
		1453FBC41E6A5CD300633F32 /* Debug */ = {
			isa = XCBuildConfiguration;
			buildSettings = {
				ALWAYS_EMBED_SWIFT_STANDARD_LIBRARIES = YES;
				ASSETCATALOG_COMPILER_APPICON_NAME = AppIcon;
				DEVELOPMENT_TEAM = 3B8C483UAP;
				GCC_PREPROCESSOR_DEFINITIONS = "$(inherited)";
				INFOPLIST_FILE = sandbox/Info.plist;
				LD_RUNPATH_SEARCH_PATHS = "$(inherited) @executable_path/Frameworks";
				OTHER_SWIFT_FLAGS = "-D SANDBOX_APP";
				PRODUCT_BUNDLE_IDENTIFIER = com.sonson.sandbox;
				PRODUCT_NAME = "$(TARGET_NAME)";
				SWIFT_VERSION = 3.0;
			};
			name = Debug;
		};
		1453FBC51E6A5CD300633F32 /* Release */ = {
			isa = XCBuildConfiguration;
			buildSettings = {
				ALWAYS_EMBED_SWIFT_STANDARD_LIBRARIES = YES;
				ASSETCATALOG_COMPILER_APPICON_NAME = AppIcon;
				DEVELOPMENT_TEAM = 3B8C483UAP;
				GCC_PREPROCESSOR_DEFINITIONS = "";
				INFOPLIST_FILE = sandbox/Info.plist;
				LD_RUNPATH_SEARCH_PATHS = "$(inherited) @executable_path/Frameworks";
				OTHER_SWIFT_FLAGS = "-D SANDBOX_APP";
				PRODUCT_BUNDLE_IDENTIFIER = com.sonson.sandbox;
				PRODUCT_NAME = "$(TARGET_NAME)";
				SWIFT_VERSION = 3.0;
			};
			name = Release;
		};
		52E1EE451E6A8A2E008D19BB /* Debug */ = {
			isa = XCBuildConfiguration;
			buildSettings = {
				BUNDLE_LOADER = "$(TEST_HOST)";
				CLANG_ENABLE_MODULES = YES;
				INFOPLIST_FILE = sandboxTests/Info.plist;
				LD_RUNPATH_SEARCH_PATHS = "$(inherited) @executable_path/Frameworks @loader_path/Frameworks";
				PRODUCT_BUNDLE_IDENTIFIER = jp.novi.sandboxTests;
				PRODUCT_NAME = "$(TARGET_NAME)";
				SWIFT_OPTIMIZATION_LEVEL = "-Onone";
				SWIFT_VERSION = 3.0;
				TEST_HOST = "$(BUILT_PRODUCTS_DIR)/sandbox.app/sandbox";
			};
			name = Debug;
		};
		52E1EE461E6A8A2E008D19BB /* Release */ = {
			isa = XCBuildConfiguration;
			buildSettings = {
				BUNDLE_LOADER = "$(TEST_HOST)";
				CLANG_ENABLE_MODULES = YES;
				INFOPLIST_FILE = sandboxTests/Info.plist;
				LD_RUNPATH_SEARCH_PATHS = "$(inherited) @executable_path/Frameworks @loader_path/Frameworks";
				PRODUCT_BUNDLE_IDENTIFIER = jp.novi.sandboxTests;
				PRODUCT_NAME = "$(TARGET_NAME)";
				SWIFT_VERSION = 3.0;
				TEST_HOST = "$(BUILT_PRODUCTS_DIR)/sandbox.app/sandbox";
			};
			name = Release;
		};
/* End XCBuildConfiguration section */

/* Begin XCConfigurationList section */
		1453FBAC1E6A5CD300633F32 /* Build configuration list for PBXProject "sandbox" */ = {
			isa = XCConfigurationList;
			buildConfigurations = (
				1453FBC11E6A5CD300633F32 /* Debug */,
				1453FBC21E6A5CD300633F32 /* Release */,
			);
			defaultConfigurationIsVisible = 0;
			defaultConfigurationName = Release;
		};
		1453FBC31E6A5CD300633F32 /* Build configuration list for PBXNativeTarget "sandbox" */ = {
			isa = XCConfigurationList;
			buildConfigurations = (
				1453FBC41E6A5CD300633F32 /* Debug */,
				1453FBC51E6A5CD300633F32 /* Release */,
			);
			defaultConfigurationIsVisible = 0;
			defaultConfigurationName = Release;
		};
		52E1EE471E6A8A2E008D19BB /* Build configuration list for PBXNativeTarget "sandboxTests" */ = {
			isa = XCConfigurationList;
			buildConfigurations = (
				52E1EE451E6A8A2E008D19BB /* Debug */,
				52E1EE461E6A8A2E008D19BB /* Release */,
			);
			defaultConfigurationIsVisible = 0;
			defaultConfigurationName = Release;
		};
/* End XCConfigurationList section */
	};
	rootObject = 1453FBA91E6A5CD300633F32 /* Project object */;
}
