// !$*UTF8*$!
{
	archiveVersion = 1;
	classes = {
	};
	objectVersion = 46;
	objects = {

/* Begin PBXBuildFile section */
		1453FBB51E6A5CD300633F32 /* AppDelegate.swift in Sources */ = {isa = PBXBuildFile; fileRef = 1453FBB41E6A5CD300633F32 /* AppDelegate.swift */; };
		1453FBB71E6A5CD300633F32 /* ViewController.swift in Sources */ = {isa = PBXBuildFile; fileRef = 1453FBB61E6A5CD300633F32 /* ViewController.swift */; };
		1453FBBA1E6A5CD300633F32 /* Main.storyboard in Resources */ = {isa = PBXBuildFile; fileRef = 1453FBB81E6A5CD300633F32 /* Main.storyboard */; };
		1453FBBC1E6A5CD300633F32 /* Assets.xcassets in Resources */ = {isa = PBXBuildFile; fileRef = 1453FBBB1E6A5CD300633F32 /* Assets.xcassets */; };
		1453FBBF1E6A5CD300633F32 /* LaunchScreen.storyboard in Resources */ = {isa = PBXBuildFile; fileRef = 1453FBBD1E6A5CD300633F32 /* LaunchScreen.storyboard */; };
		52E1EE411E6A8A2E008D19BB /* sandboxTests.swift in Sources */ = {isa = PBXBuildFile; fileRef = 52E1EE401E6A8A2E008D19BB /* sandboxTests.swift */; };
		52E1EE711E6A8CE0008D19BB /* MatrixBasicTest.swift in Sources */ = {isa = PBXBuildFile; fileRef = 52E1EE691E6A8CE0008D19BB /* MatrixBasicTest.swift */; };
		52E1EE721E6A8CE0008D19BB /* MatrixAdditionTest.swift in Sources */ = {isa = PBXBuildFile; fileRef = 52E1EE6A1E6A8CE0008D19BB /* MatrixAdditionTest.swift */; };
		52E1EE731E6A8CE0008D19BB /* numswTests.swift in Sources */ = {isa = PBXBuildFile; fileRef = 52E1EE6B1E6A8CE0008D19BB /* numswTests.swift */; };
		52E1EE741E6A8CE0008D19BB /* MatrixMultiplyTest.swift in Sources */ = {isa = PBXBuildFile; fileRef = 52E1EE6C1E6A8CE0008D19BB /* MatrixMultiplyTest.swift */; };
		52E1EE751E6A8CE0008D19BB /* MatrixSubscriptTests.swift in Sources */ = {isa = PBXBuildFile; fileRef = 52E1EE6D1E6A8CE0008D19BB /* MatrixSubscriptTests.swift */; };
		52E1EE761E6A8CE0008D19BB /* MatrixInvertTests.swift in Sources */ = {isa = PBXBuildFile; fileRef = 52E1EE6E1E6A8CE0008D19BB /* MatrixInvertTests.swift */; };
		52E1EE771E6A8CE0008D19BB /* MatrixTransposeTests.swift in Sources */ = {isa = PBXBuildFile; fileRef = 52E1EE6F1E6A8CE0008D19BB /* MatrixTransposeTests.swift */; };
		52E1EE781E6A8CE0008D19BB /* MatrixDivideTests.swift in Sources */ = {isa = PBXBuildFile; fileRef = 52E1EE701E6A8CE0008D19BB /* MatrixDivideTests.swift */; };
		52E1EE7F1E6A8D70008D19BB /* numsw.framework in Frameworks */ = {isa = PBXBuildFile; fileRef = 52E1EE661E6A8CD1008D19BB /* numsw.framework */; };
		52E1EE801E6A8D70008D19BB /* numsw.framework in Embed Frameworks */ = {isa = PBXBuildFile; fileRef = 52E1EE661E6A8CD1008D19BB /* numsw.framework */; settings = {ATTRIBUTES = (CodeSignOnCopy, RemoveHeadersOnCopy, ); }; };
		D621CFFD1E6A631900A50C88 /* hoge in Resources */ = {isa = PBXBuildFile; fileRef = D621CFFC1E6A631900A50C88 /* hoge */; };
		D621CFFF1E6A632D00A50C88 /* Renderer.swift in Sources */ = {isa = PBXBuildFile; fileRef = D621CFFE1E6A632D00A50C88 /* Renderer.swift */; };
		D621D0011E6A648200A50C88 /* RendererDebugViewController.swift in Sources */ = {isa = PBXBuildFile; fileRef = D621D0001E6A648200A50C88 /* RendererDebugViewController.swift */; };
		D621D0031E6A652F00A50C88 /* RendererDebugViewController.xib in Resources */ = {isa = PBXBuildFile; fileRef = D621D0021E6A652F00A50C88 /* RendererDebugViewController.xib */; };
		D621D0051E6A6B4400A50C88 /* LineGraphRenderer.swift in Sources */ = {isa = PBXBuildFile; fileRef = D621D0041E6A6B4400A50C88 /* LineGraphRenderer.swift */; };
		D621D0071E6A77E100A50C88 /* DummyData.swift in Sources */ = {isa = PBXBuildFile; fileRef = D621D0061E6A77E100A50C88 /* DummyData.swift */; };
		D653808B1E6A7EAF0032C0B2 /* RendererUtil.swift in Sources */ = {isa = PBXBuildFile; fileRef = D653808A1E6A7EAF0032C0B2 /* RendererUtil.swift */; };
		D653808D1E6A98120032C0B2 /* LineData.swift in Sources */ = {isa = PBXBuildFile; fileRef = D653808C1E6A98120032C0B2 /* LineData.swift */; };
		D65380921E6B28380032C0B2 /* RenderViewController.swift in Sources */ = {isa = PBXBuildFile; fileRef = D65380911E6B28380032C0B2 /* RenderViewController.swift */; };
/* End PBXBuildFile section */

/* Begin PBXContainerItemProxy section */
		52E1EE431E6A8A2E008D19BB /* PBXContainerItemProxy */ = {
			isa = PBXContainerItemProxy;
			containerPortal = 1453FBA91E6A5CD300633F32 /* Project object */;
			proxyType = 1;
			remoteGlobalIDString = 1453FBB01E6A5CD300633F32;
			remoteInfo = sandbox;
		};
		52E1EE651E6A8CD1008D19BB /* PBXContainerItemProxy */ = {
			isa = PBXContainerItemProxy;
			containerPortal = 52E1EE601E6A8CD1008D19BB /* numsw.xcodeproj */;
			proxyType = 2;
			remoteGlobalIDString = OBJ_16;
			remoteInfo = numsw;
		};
		52E1EE671E6A8CD1008D19BB /* PBXContainerItemProxy */ = {
			isa = PBXContainerItemProxy;
			containerPortal = 52E1EE601E6A8CD1008D19BB /* numsw.xcodeproj */;
			proxyType = 2;
			remoteGlobalIDString = OBJ_17;
			remoteInfo = numswTests;
		};
		52E1EE811E6A8D70008D19BB /* PBXContainerItemProxy */ = {
			isa = PBXContainerItemProxy;
			containerPortal = 52E1EE601E6A8CD1008D19BB /* numsw.xcodeproj */;
			proxyType = 1;
			remoteGlobalIDString = OBJ_18;
			remoteInfo = numsw;
		};
/* End PBXContainerItemProxy section */

/* Begin PBXCopyFilesBuildPhase section */
		52E1EE831E6A8D70008D19BB /* Embed Frameworks */ = {
			isa = PBXCopyFilesBuildPhase;
			buildActionMask = 2147483647;
			dstPath = "";
			dstSubfolderSpec = 10;
			files = (
				52E1EE801E6A8D70008D19BB /* numsw.framework in Embed Frameworks */,
			);
			name = "Embed Frameworks";
			runOnlyForDeploymentPostprocessing = 0;
		};
/* End PBXCopyFilesBuildPhase section */

/* Begin PBXFileReference section */
		1453FBB11E6A5CD300633F32 /* sandbox.app */ = {isa = PBXFileReference; explicitFileType = wrapper.application; includeInIndex = 0; path = sandbox.app; sourceTree = BUILT_PRODUCTS_DIR; };
		1453FBB41E6A5CD300633F32 /* AppDelegate.swift */ = {isa = PBXFileReference; lastKnownFileType = sourcecode.swift; path = AppDelegate.swift; sourceTree = "<group>"; };
		1453FBB61E6A5CD300633F32 /* ViewController.swift */ = {isa = PBXFileReference; lastKnownFileType = sourcecode.swift; path = ViewController.swift; sourceTree = "<group>"; };
		1453FBB91E6A5CD300633F32 /* Base */ = {isa = PBXFileReference; lastKnownFileType = file.storyboard; name = Base; path = Base.lproj/Main.storyboard; sourceTree = "<group>"; };
		1453FBBB1E6A5CD300633F32 /* Assets.xcassets */ = {isa = PBXFileReference; lastKnownFileType = folder.assetcatalog; path = Assets.xcassets; sourceTree = "<group>"; };
		1453FBBE1E6A5CD300633F32 /* Base */ = {isa = PBXFileReference; lastKnownFileType = file.storyboard; name = Base; path = Base.lproj/LaunchScreen.storyboard; sourceTree = "<group>"; };
		1453FBC01E6A5CD300633F32 /* Info.plist */ = {isa = PBXFileReference; lastKnownFileType = text.plist.xml; path = Info.plist; sourceTree = "<group>"; };
		52E1EE3E1E6A8A2E008D19BB /* sandboxTests.xctest */ = {isa = PBXFileReference; explicitFileType = wrapper.cfbundle; includeInIndex = 0; path = sandboxTests.xctest; sourceTree = BUILT_PRODUCTS_DIR; };
		52E1EE401E6A8A2E008D19BB /* sandboxTests.swift */ = {isa = PBXFileReference; lastKnownFileType = sourcecode.swift; path = sandboxTests.swift; sourceTree = "<group>"; };
		52E1EE421E6A8A2E008D19BB /* Info.plist */ = {isa = PBXFileReference; lastKnownFileType = text.plist.xml; path = Info.plist; sourceTree = "<group>"; };
		52E1EE601E6A8CD1008D19BB /* numsw.xcodeproj */ = {isa = PBXFileReference; lastKnownFileType = "wrapper.pb-project"; name = numsw.xcodeproj; path = ../numsw.xcodeproj; sourceTree = "<group>"; };
		52E1EE691E6A8CE0008D19BB /* MatrixBasicTest.swift */ = {isa = PBXFileReference; fileEncoding = 4; lastKnownFileType = sourcecode.swift; name = MatrixBasicTest.swift; path = ../../Tests/numswTests/MatrixBasicTest.swift; sourceTree = "<group>"; };
		52E1EE6A1E6A8CE0008D19BB /* MatrixAdditionTest.swift */ = {isa = PBXFileReference; fileEncoding = 4; lastKnownFileType = sourcecode.swift; name = MatrixAdditionTest.swift; path = ../../Tests/numswTests/MatrixAdditionTest.swift; sourceTree = "<group>"; };
		52E1EE6B1E6A8CE0008D19BB /* numswTests.swift */ = {isa = PBXFileReference; fileEncoding = 4; lastKnownFileType = sourcecode.swift; name = numswTests.swift; path = ../../Tests/numswTests/numswTests.swift; sourceTree = "<group>"; };
		52E1EE6C1E6A8CE0008D19BB /* MatrixMultiplyTest.swift */ = {isa = PBXFileReference; fileEncoding = 4; lastKnownFileType = sourcecode.swift; name = MatrixMultiplyTest.swift; path = ../../Tests/numswTests/MatrixMultiplyTest.swift; sourceTree = "<group>"; };
		52E1EE6D1E6A8CE0008D19BB /* MatrixSubscriptTests.swift */ = {isa = PBXFileReference; fileEncoding = 4; lastKnownFileType = sourcecode.swift; name = MatrixSubscriptTests.swift; path = ../../Tests/numswTests/MatrixSubscriptTests.swift; sourceTree = "<group>"; };
		52E1EE6E1E6A8CE0008D19BB /* MatrixInvertTests.swift */ = {isa = PBXFileReference; fileEncoding = 4; lastKnownFileType = sourcecode.swift; name = MatrixInvertTests.swift; path = ../../Tests/numswTests/MatrixInvertTests.swift; sourceTree = "<group>"; };
		52E1EE6F1E6A8CE0008D19BB /* MatrixTransposeTests.swift */ = {isa = PBXFileReference; fileEncoding = 4; lastKnownFileType = sourcecode.swift; name = MatrixTransposeTests.swift; path = ../../Tests/numswTests/MatrixTransposeTests.swift; sourceTree = "<group>"; };
		52E1EE701E6A8CE0008D19BB /* MatrixDivideTests.swift */ = {isa = PBXFileReference; fileEncoding = 4; lastKnownFileType = sourcecode.swift; name = MatrixDivideTests.swift; path = ../../Tests/numswTests/MatrixDivideTests.swift; sourceTree = "<group>"; };
		D621CFFC1E6A631900A50C88 /* hoge */ = {isa = PBXFileReference; fileEncoding = 4; lastKnownFileType = text; path = hoge; sourceTree = "<group>"; };
		D621CFFE1E6A632D00A50C88 /* Renderer.swift */ = {isa = PBXFileReference; fileEncoding = 4; lastKnownFileType = sourcecode.swift; path = Renderer.swift; sourceTree = "<group>"; };
		D621D0001E6A648200A50C88 /* RendererDebugViewController.swift */ = {isa = PBXFileReference; fileEncoding = 4; lastKnownFileType = sourcecode.swift; path = RendererDebugViewController.swift; sourceTree = "<group>"; };
		D621D0021E6A652F00A50C88 /* RendererDebugViewController.xib */ = {isa = PBXFileReference; fileEncoding = 4; lastKnownFileType = file.xib; path = RendererDebugViewController.xib; sourceTree = "<group>"; };
		D621D0041E6A6B4400A50C88 /* LineGraphRenderer.swift */ = {isa = PBXFileReference; fileEncoding = 4; lastKnownFileType = sourcecode.swift; path = LineGraphRenderer.swift; sourceTree = "<group>"; };
		D621D0061E6A77E100A50C88 /* DummyData.swift */ = {isa = PBXFileReference; fileEncoding = 4; lastKnownFileType = sourcecode.swift; path = DummyData.swift; sourceTree = "<group>"; };
		D653808A1E6A7EAF0032C0B2 /* RendererUtil.swift */ = {isa = PBXFileReference; fileEncoding = 4; lastKnownFileType = sourcecode.swift; path = RendererUtil.swift; sourceTree = "<group>"; };
		D653808C1E6A98120032C0B2 /* LineData.swift */ = {isa = PBXFileReference; fileEncoding = 4; lastKnownFileType = sourcecode.swift; path = LineData.swift; sourceTree = "<group>"; };
		D65380911E6B28380032C0B2 /* RenderViewController.swift */ = {isa = PBXFileReference; fileEncoding = 4; lastKnownFileType = sourcecode.swift; path = RenderViewController.swift; sourceTree = "<group>"; };
/* End PBXFileReference section */

/* Begin PBXFrameworksBuildPhase section */
		1453FBAE1E6A5CD300633F32 /* Frameworks */ = {
			isa = PBXFrameworksBuildPhase;
			buildActionMask = 2147483647;
			files = (
				52E1EE7F1E6A8D70008D19BB /* numsw.framework in Frameworks */,
			);
			runOnlyForDeploymentPostprocessing = 0;
		};
		52E1EE3B1E6A8A2E008D19BB /* Frameworks */ = {
			isa = PBXFrameworksBuildPhase;
			buildActionMask = 2147483647;
			files = (
			);
			runOnlyForDeploymentPostprocessing = 0;
		};
/* End PBXFrameworksBuildPhase section */

/* Begin PBXGroup section */
		1453FBA81E6A5CD300633F32 = {
			isa = PBXGroup;
			children = (
				52E1EE601E6A8CD1008D19BB /* numsw.xcodeproj */,
				D621CFFB1E6A631900A50C88 /* playgrounds */,
				1453FBB31E6A5CD300633F32 /* sandbox */,
				52E1EE3F1E6A8A2E008D19BB /* sandboxTests */,
				1453FBB21E6A5CD300633F32 /* Products */,
			);
			sourceTree = "<group>";
		};
		1453FBB21E6A5CD300633F32 /* Products */ = {
			isa = PBXGroup;
			children = (
				1453FBB11E6A5CD300633F32 /* sandbox.app */,
				52E1EE3E1E6A8A2E008D19BB /* sandboxTests.xctest */,
			);
			name = Products;
			sourceTree = "<group>";
		};
		1453FBB31E6A5CD300633F32 /* sandbox */ = {
			isa = PBXGroup;
			children = (
				1453FBB41E6A5CD300633F32 /* AppDelegate.swift */,
				1453FBB61E6A5CD300633F32 /* ViewController.swift */,
				1453FBB81E6A5CD300633F32 /* Main.storyboard */,
				1453FBBB1E6A5CD300633F32 /* Assets.xcassets */,
				1453FBBD1E6A5CD300633F32 /* LaunchScreen.storyboard */,
				1453FBC01E6A5CD300633F32 /* Info.plist */,
			);
			path = sandbox;
			sourceTree = "<group>";
		};
		52E1EE3F1E6A8A2E008D19BB /* sandboxTests */ = {
			isa = PBXGroup;
			children = (
				52E1EE691E6A8CE0008D19BB /* MatrixBasicTest.swift */,
				52E1EE6A1E6A8CE0008D19BB /* MatrixAdditionTest.swift */,
				52E1EE6B1E6A8CE0008D19BB /* numswTests.swift */,
				52E1EE6C1E6A8CE0008D19BB /* MatrixMultiplyTest.swift */,
				52E1EE6D1E6A8CE0008D19BB /* MatrixSubscriptTests.swift */,
				52E1EE6E1E6A8CE0008D19BB /* MatrixInvertTests.swift */,
				52E1EE6F1E6A8CE0008D19BB /* MatrixTransposeTests.swift */,
				52E1EE701E6A8CE0008D19BB /* MatrixDivideTests.swift */,
				52E1EE401E6A8A2E008D19BB /* sandboxTests.swift */,
				52E1EE421E6A8A2E008D19BB /* Info.plist */,
			);
			path = sandboxTests;
			sourceTree = "<group>";
		};
		52E1EE611E6A8CD1008D19BB /* Products */ = {
			isa = PBXGroup;
			children = (
				52E1EE661E6A8CD1008D19BB /* numsw.framework */,
				52E1EE681E6A8CD1008D19BB /* numswTests.xctest */,
			);
			name = Products;
			sourceTree = "<group>";
		};
		D621CFFB1E6A631900A50C88 /* playgrounds */ = {
			isa = PBXGroup;
			children = (
				D65380911E6B28380032C0B2 /* RenderViewController.swift */,
				D621CFFC1E6A631900A50C88 /* hoge */,
				D621CFFE1E6A632D00A50C88 /* Renderer.swift */,
				D621D0001E6A648200A50C88 /* RendererDebugViewController.swift */,
				D621D0021E6A652F00A50C88 /* RendererDebugViewController.xib */,
				D621D0041E6A6B4400A50C88 /* LineGraphRenderer.swift */,
				D621D0061E6A77E100A50C88 /* DummyData.swift */,
				D653808A1E6A7EAF0032C0B2 /* RendererUtil.swift */,
				D653808C1E6A98120032C0B2 /* LineData.swift */,
			);
			name = playgrounds;
			path = ../playgrounds;
			sourceTree = "<group>";
		};
/* End PBXGroup section */

/* Begin PBXNativeTarget section */
		1453FBB01E6A5CD300633F32 /* sandbox */ = {
			isa = PBXNativeTarget;
			buildConfigurationList = 1453FBC31E6A5CD300633F32 /* Build configuration list for PBXNativeTarget "sandbox" */;
			buildPhases = (
				1453FBAD1E6A5CD300633F32 /* Sources */,
				1453FBAE1E6A5CD300633F32 /* Frameworks */,
				1453FBAF1E6A5CD300633F32 /* Resources */,
				52E1EE831E6A8D70008D19BB /* Embed Frameworks */,
			);
			buildRules = (
			);
			dependencies = (
				52E1EE821E6A8D70008D19BB /* PBXTargetDependency */,
			);
			name = sandbox;
			productName = sandbox;
			productReference = 1453FBB11E6A5CD300633F32 /* sandbox.app */;
			productType = "com.apple.product-type.application";
		};
		52E1EE3D1E6A8A2E008D19BB /* sandboxTests */ = {
			isa = PBXNativeTarget;
			buildConfigurationList = 52E1EE471E6A8A2E008D19BB /* Build configuration list for PBXNativeTarget "sandboxTests" */;
			buildPhases = (
				52E1EE3A1E6A8A2E008D19BB /* Sources */,
				52E1EE3B1E6A8A2E008D19BB /* Frameworks */,
				52E1EE3C1E6A8A2E008D19BB /* Resources */,
			);
			buildRules = (
			);
			dependencies = (
				52E1EE441E6A8A2E008D19BB /* PBXTargetDependency */,
			);
			name = sandboxTests;
			productName = sandboxTests;
			productReference = 52E1EE3E1E6A8A2E008D19BB /* sandboxTests.xctest */;
			productType = "com.apple.product-type.bundle.unit-test";
		};
/* End PBXNativeTarget section */

/* Begin PBXProject section */
		1453FBA91E6A5CD300633F32 /* Project object */ = {
			isa = PBXProject;
			attributes = {
				LastSwiftUpdateCheck = 0820;
				LastUpgradeCheck = 0820;
				ORGANIZATIONNAME = sonson;
				TargetAttributes = {
					1453FBB01E6A5CD300633F32 = {
						CreatedOnToolsVersion = 8.2.1;
						DevelopmentTeam = 3B8C483UAP;
						ProvisioningStyle = Automatic;
					};
					52E1EE3D1E6A8A2E008D19BB = {
						CreatedOnToolsVersion = 8.2.1;
						ProvisioningStyle = Automatic;
						TestTargetID = 1453FBB01E6A5CD300633F32;
					};
				};
			};
			buildConfigurationList = 1453FBAC1E6A5CD300633F32 /* Build configuration list for PBXProject "sandbox" */;
			compatibilityVersion = "Xcode 3.2";
			developmentRegion = English;
			hasScannedForEncodings = 0;
			knownRegions = (
				en,
				Base,
			);
			mainGroup = 1453FBA81E6A5CD300633F32;
			productRefGroup = 1453FBB21E6A5CD300633F32 /* Products */;
			projectDirPath = "";
			projectReferences = (
				{
					ProductGroup = 52E1EE611E6A8CD1008D19BB /* Products */;
					ProjectRef = 52E1EE601E6A8CD1008D19BB /* numsw.xcodeproj */;
				},
			);
			projectRoot = "";
			targets = (
				1453FBB01E6A5CD300633F32 /* sandbox */,
				52E1EE3D1E6A8A2E008D19BB /* sandboxTests */,
			);
		};
/* End PBXProject section */

/* Begin PBXReferenceProxy section */
		52E1EE661E6A8CD1008D19BB /* numsw.framework */ = {
			isa = PBXReferenceProxy;
			fileType = wrapper.framework;
			path = numsw.framework;
			remoteRef = 52E1EE651E6A8CD1008D19BB /* PBXContainerItemProxy */;
			sourceTree = BUILT_PRODUCTS_DIR;
		};
		52E1EE681E6A8CD1008D19BB /* numswTests.xctest */ = {
			isa = PBXReferenceProxy;
			fileType = file;
			path = numswTests.xctest;
			remoteRef = 52E1EE671E6A8CD1008D19BB /* PBXContainerItemProxy */;
			sourceTree = BUILT_PRODUCTS_DIR;
		};
/* End PBXReferenceProxy section */

/* Begin PBXResourcesBuildPhase section */
		1453FBAF1E6A5CD300633F32 /* Resources */ = {
			isa = PBXResourcesBuildPhase;
			buildActionMask = 2147483647;
			files = (
				D621D0031E6A652F00A50C88 /* RendererDebugViewController.xib in Resources */,
				1453FBBF1E6A5CD300633F32 /* LaunchScreen.storyboard in Resources */,
				1453FBBC1E6A5CD300633F32 /* Assets.xcassets in Resources */,
				1453FBBA1E6A5CD300633F32 /* Main.storyboard in Resources */,
				D621CFFD1E6A631900A50C88 /* hoge in Resources */,
			);
			runOnlyForDeploymentPostprocessing = 0;
		};
		52E1EE3C1E6A8A2E008D19BB /* Resources */ = {
			isa = PBXResourcesBuildPhase;
			buildActionMask = 2147483647;
			files = (
			);
			runOnlyForDeploymentPostprocessing = 0;
		};
/* End PBXResourcesBuildPhase section */

/* Begin PBXSourcesBuildPhase section */
		1453FBAD1E6A5CD300633F32 /* Sources */ = {
			isa = PBXSourcesBuildPhase;
			buildActionMask = 2147483647;
			files = (
				D653808D1E6A98120032C0B2 /* LineData.swift in Sources */,
				1453FBB71E6A5CD300633F32 /* ViewController.swift in Sources */,
				D653808B1E6A7EAF0032C0B2 /* RendererUtil.swift in Sources */,
				D621CFFF1E6A632D00A50C88 /* Renderer.swift in Sources */,
				1453FBB51E6A5CD300633F32 /* AppDelegate.swift in Sources */,
				D621D0071E6A77E100A50C88 /* DummyData.swift in Sources */,
				D621D0051E6A6B4400A50C88 /* LineGraphRenderer.swift in Sources */,
				D621D0011E6A648200A50C88 /* RendererDebugViewController.swift in Sources */,
				D65380921E6B28380032C0B2 /* RenderViewController.swift in Sources */,
			);
			runOnlyForDeploymentPostprocessing = 0;
		};
		52E1EE3A1E6A8A2E008D19BB /* Sources */ = {
			isa = PBXSourcesBuildPhase;
			buildActionMask = 2147483647;
			files = (
				52E1EE751E6A8CE0008D19BB /* MatrixSubscriptTests.swift in Sources */,
				52E1EE781E6A8CE0008D19BB /* MatrixDivideTests.swift in Sources */,
				52E1EE731E6A8CE0008D19BB /* numswTests.swift in Sources */,
				52E1EE761E6A8CE0008D19BB /* MatrixInvertTests.swift in Sources */,
				52E1EE411E6A8A2E008D19BB /* sandboxTests.swift in Sources */,
				52E1EE771E6A8CE0008D19BB /* MatrixTransposeTests.swift in Sources */,
				52E1EE711E6A8CE0008D19BB /* MatrixBasicTest.swift in Sources */,
				52E1EE741E6A8CE0008D19BB /* MatrixMultiplyTest.swift in Sources */,
				52E1EE721E6A8CE0008D19BB /* MatrixAdditionTest.swift in Sources */,
			);
			runOnlyForDeploymentPostprocessing = 0;
		};
/* End PBXSourcesBuildPhase section */

/* Begin PBXTargetDependency section */
		52E1EE441E6A8A2E008D19BB /* PBXTargetDependency */ = {
			isa = PBXTargetDependency;
			target = 1453FBB01E6A5CD300633F32 /* sandbox */;
			targetProxy = 52E1EE431E6A8A2E008D19BB /* PBXContainerItemProxy */;
		};
		52E1EE821E6A8D70008D19BB /* PBXTargetDependency */ = {
			isa = PBXTargetDependency;
			name = numsw;
			targetProxy = 52E1EE811E6A8D70008D19BB /* PBXContainerItemProxy */;
		};
/* End PBXTargetDependency section */

/* Begin PBXVariantGroup section */
		1453FBB81E6A5CD300633F32 /* Main.storyboard */ = {
			isa = PBXVariantGroup;
			children = (
				1453FBB91E6A5CD300633F32 /* Base */,
			);
			name = Main.storyboard;
			sourceTree = "<group>";
		};
		1453FBBD1E6A5CD300633F32 /* LaunchScreen.storyboard */ = {
			isa = PBXVariantGroup;
			children = (
				1453FBBE1E6A5CD300633F32 /* Base */,
			);
			name = LaunchScreen.storyboard;
			sourceTree = "<group>";
		};
/* End PBXVariantGroup section */

/* Begin XCBuildConfiguration section */
		1453FBC11E6A5CD300633F32 /* Debug */ = {
			isa = XCBuildConfiguration;
			buildSettings = {
				ALWAYS_SEARCH_USER_PATHS = NO;
				CLANG_ANALYZER_NONNULL = YES;
				CLANG_CXX_LANGUAGE_STANDARD = "gnu++0x";
				CLANG_CXX_LIBRARY = "libc++";
				CLANG_ENABLE_MODULES = YES;
				CLANG_ENABLE_OBJC_ARC = YES;
				CLANG_WARN_BOOL_CONVERSION = YES;
				CLANG_WARN_CONSTANT_CONVERSION = YES;
				CLANG_WARN_DIRECT_OBJC_ISA_USAGE = YES_ERROR;
				CLANG_WARN_DOCUMENTATION_COMMENTS = YES;
				CLANG_WARN_EMPTY_BODY = YES;
				CLANG_WARN_ENUM_CONVERSION = YES;
				CLANG_WARN_INFINITE_RECURSION = YES;
				CLANG_WARN_INT_CONVERSION = YES;
				CLANG_WARN_OBJC_ROOT_CLASS = YES_ERROR;
				CLANG_WARN_SUSPICIOUS_MOVE = YES;
				CLANG_WARN_UNREACHABLE_CODE = YES;
				CLANG_WARN__DUPLICATE_METHOD_MATCH = YES;
				"CODE_SIGN_IDENTITY[sdk=iphoneos*]" = "iPhone Developer";
				COPY_PHASE_STRIP = NO;
				DEBUG_INFORMATION_FORMAT = dwarf;
				ENABLE_STRICT_OBJC_MSGSEND = YES;
				ENABLE_TESTABILITY = YES;
				GCC_C_LANGUAGE_STANDARD = gnu99;
				GCC_DYNAMIC_NO_PIC = NO;
				GCC_NO_COMMON_BLOCKS = YES;
				GCC_OPTIMIZATION_LEVEL = 0;
				GCC_PREPROCESSOR_DEFINITIONS = (
					"DEBUG=1",
					"$(inherited)",
				);
				GCC_WARN_64_TO_32_BIT_CONVERSION = YES;
				GCC_WARN_ABOUT_RETURN_TYPE = YES_ERROR;
				GCC_WARN_UNDECLARED_SELECTOR = YES;
				GCC_WARN_UNINITIALIZED_AUTOS = YES_AGGRESSIVE;
				GCC_WARN_UNUSED_FUNCTION = YES;
				GCC_WARN_UNUSED_VARIABLE = YES;
				IPHONEOS_DEPLOYMENT_TARGET = 10.2;
				MTL_ENABLE_DEBUG_INFO = YES;
				ONLY_ACTIVE_ARCH = YES;
				SDKROOT = iphoneos;
				SWIFT_ACTIVE_COMPILATION_CONDITIONS = DEBUG;
				SWIFT_OPTIMIZATION_LEVEL = "-Onone";
				TARGETED_DEVICE_FAMILY = "1,2";
			};
			name = Debug;
		};
		1453FBC21E6A5CD300633F32 /* Release */ = {
			isa = XCBuildConfiguration;
			buildSettings = {
				ALWAYS_SEARCH_USER_PATHS = NO;
				CLANG_ANALYZER_NONNULL = YES;
				CLANG_CXX_LANGUAGE_STANDARD = "gnu++0x";
				CLANG_CXX_LIBRARY = "libc++";
				CLANG_ENABLE_MODULES = YES;
				CLANG_ENABLE_OBJC_ARC = YES;
				CLANG_WARN_BOOL_CONVERSION = YES;
				CLANG_WARN_CONSTANT_CONVERSION = YES;
				CLANG_WARN_DIRECT_OBJC_ISA_USAGE = YES_ERROR;
				CLANG_WARN_DOCUMENTATION_COMMENTS = YES;
				CLANG_WARN_EMPTY_BODY = YES;
				CLANG_WARN_ENUM_CONVERSION = YES;
				CLANG_WARN_INFINITE_RECURSION = YES;
				CLANG_WARN_INT_CONVERSION = YES;
				CLANG_WARN_OBJC_ROOT_CLASS = YES_ERROR;
				CLANG_WARN_SUSPICIOUS_MOVE = YES;
				CLANG_WARN_UNREACHABLE_CODE = YES;
				CLANG_WARN__DUPLICATE_METHOD_MATCH = YES;
				"CODE_SIGN_IDENTITY[sdk=iphoneos*]" = "iPhone Developer";
				COPY_PHASE_STRIP = NO;
				DEBUG_INFORMATION_FORMAT = "dwarf-with-dsym";
				ENABLE_NS_ASSERTIONS = NO;
				ENABLE_STRICT_OBJC_MSGSEND = YES;
				GCC_C_LANGUAGE_STANDARD = gnu99;
				GCC_NO_COMMON_BLOCKS = YES;
				GCC_WARN_64_TO_32_BIT_CONVERSION = YES;
				GCC_WARN_ABOUT_RETURN_TYPE = YES_ERROR;
				GCC_WARN_UNDECLARED_SELECTOR = YES;
				GCC_WARN_UNINITIALIZED_AUTOS = YES_AGGRESSIVE;
				GCC_WARN_UNUSED_FUNCTION = YES;
				GCC_WARN_UNUSED_VARIABLE = YES;
				IPHONEOS_DEPLOYMENT_TARGET = 10.2;
				MTL_ENABLE_DEBUG_INFO = NO;
				SDKROOT = iphoneos;
				SWIFT_OPTIMIZATION_LEVEL = "-Owholemodule";
				TARGETED_DEVICE_FAMILY = "1,2";
				VALIDATE_PRODUCT = YES;
			};
			name = Release;
		};
		1453FBC41E6A5CD300633F32 /* Debug */ = {
			isa = XCBuildConfiguration;
			buildSettings = {
				ALWAYS_EMBED_SWIFT_STANDARD_LIBRARIES = YES;
				ASSETCATALOG_COMPILER_APPICON_NAME = AppIcon;
				DEVELOPMENT_TEAM = 3B8C483UAP;
				INFOPLIST_FILE = sandbox/Info.plist;
				LD_RUNPATH_SEARCH_PATHS = "$(inherited) @executable_path/Frameworks";
				PRODUCT_BUNDLE_IDENTIFIER = com.sonson.sandbox;
				PRODUCT_NAME = "$(TARGET_NAME)";
				SWIFT_VERSION = 3.0;
			};
			name = Debug;
		};
		1453FBC51E6A5CD300633F32 /* Release */ = {
			isa = XCBuildConfiguration;
			buildSettings = {
				ALWAYS_EMBED_SWIFT_STANDARD_LIBRARIES = YES;
				ASSETCATALOG_COMPILER_APPICON_NAME = AppIcon;
				DEVELOPMENT_TEAM = 3B8C483UAP;
				INFOPLIST_FILE = sandbox/Info.plist;
				LD_RUNPATH_SEARCH_PATHS = "$(inherited) @executable_path/Frameworks";
				PRODUCT_BUNDLE_IDENTIFIER = com.sonson.sandbox;
				PRODUCT_NAME = "$(TARGET_NAME)";
				SWIFT_VERSION = 3.0;
			};
			name = Release;
		};
		52E1EE451E6A8A2E008D19BB /* Debug */ = {
			isa = XCBuildConfiguration;
			buildSettings = {
				BUNDLE_LOADER = "$(TEST_HOST)";
				INFOPLIST_FILE = sandboxTests/Info.plist;
				LD_RUNPATH_SEARCH_PATHS = "$(inherited) @executable_path/Frameworks @loader_path/Frameworks";
				PRODUCT_BUNDLE_IDENTIFIER = jp.novi.sandboxTests;
				PRODUCT_NAME = "$(TARGET_NAME)";
				SWIFT_VERSION = 3.0;
				TEST_HOST = "$(BUILT_PRODUCTS_DIR)/sandbox.app/sandbox";
			};
			name = Debug;
		};
		52E1EE461E6A8A2E008D19BB /* Release */ = {
			isa = XCBuildConfiguration;
			buildSettings = {
				BUNDLE_LOADER = "$(TEST_HOST)";
				INFOPLIST_FILE = sandboxTests/Info.plist;
				LD_RUNPATH_SEARCH_PATHS = "$(inherited) @executable_path/Frameworks @loader_path/Frameworks";
				PRODUCT_BUNDLE_IDENTIFIER = jp.novi.sandboxTests;
				PRODUCT_NAME = "$(TARGET_NAME)";
				SWIFT_VERSION = 3.0;
				TEST_HOST = "$(BUILT_PRODUCTS_DIR)/sandbox.app/sandbox";
			};
			name = Release;
		};
/* End XCBuildConfiguration section */

/* Begin XCConfigurationList section */
		1453FBAC1E6A5CD300633F32 /* Build configuration list for PBXProject "sandbox" */ = {
			isa = XCConfigurationList;
			buildConfigurations = (
				1453FBC11E6A5CD300633F32 /* Debug */,
				1453FBC21E6A5CD300633F32 /* Release */,
			);
			defaultConfigurationIsVisible = 0;
			defaultConfigurationName = Release;
		};
		1453FBC31E6A5CD300633F32 /* Build configuration list for PBXNativeTarget "sandbox" */ = {
			isa = XCConfigurationList;
			buildConfigurations = (
				1453FBC41E6A5CD300633F32 /* Debug */,
				1453FBC51E6A5CD300633F32 /* Release */,
			);
			defaultConfigurationIsVisible = 0;
			defaultConfigurationName = Release;
		};
		52E1EE471E6A8A2E008D19BB /* Build configuration list for PBXNativeTarget "sandboxTests" */ = {
			isa = XCConfigurationList;
			buildConfigurations = (
				52E1EE451E6A8A2E008D19BB /* Debug */,
				52E1EE461E6A8A2E008D19BB /* Release */,
			);
			defaultConfigurationIsVisible = 0;
			defaultConfigurationName = Release;
		};
/* End XCConfigurationList section */
	};
	rootObject = 1453FBA91E6A5CD300633F32 /* Project object */;
}
